// !$*UTF8*$!
{
	archiveVersion = 1;
	classes = {
	};
	objectVersion = 50;
	objects = {

/* Begin PBXBuildFile section */
		029E7333E7B4A10195C02B02 /* Pods_PJToDoTests.framework in Frameworks */ = {isa = PBXBuildFile; fileRef = BD3758FA50254166E4D59F88 /* Pods_PJToDoTests.framework */; };
		7625021D2170A6D9001043AF /* PJCacheManager.swift in Sources */ = {isa = PBXBuildFile; fileRef = 7625021C2170A6D9001043AF /* PJCacheManager.swift */; };
		762502202170AA69001043AF /* PJToDoConst.swift in Sources */ = {isa = PBXBuildFile; fileRef = 7625021F2170AA69001043AF /* PJToDoConst.swift */; };
		7625A99C218D36EF0014FA6E /* PJToDoTag.swift in Sources */ = {isa = PBXBuildFile; fileRef = 7625A99B218D36EF0014FA6E /* PJToDoTag.swift */; };
		762E939221A580890002FED3 /* LoginViewController.swift in Sources */ = {isa = PBXBuildFile; fileRef = 762E939121A580890002FED3 /* LoginViewController.swift */; };
		762E939421A580BE0002FED3 /* PJUserInfoManager.swift in Sources */ = {isa = PBXBuildFile; fileRef = 762E939321A580BE0002FED3 /* PJUserInfoManager.swift */; };
		762E939721A58B1D0002FED3 /* PJCommonExtension.swift in Sources */ = {isa = PBXBuildFile; fileRef = 762E939621A58B1D0002FED3 /* PJCommonExtension.swift */; };
		76348BF22116F2AD0009455C /* PJToDoTests.swift in Sources */ = {isa = PBXBuildFile; fileRef = 76348BF12116F2AD0009455C /* PJToDoTests.swift */; };
		76348BFD2116F2AE0009455C /* PJToDoUITests.swift in Sources */ = {isa = PBXBuildFile; fileRef = 76348BFC2116F2AE0009455C /* PJToDoUITests.swift */; };
		76348C142116F2F40009455C /* Assets.xcassets in Resources */ = {isa = PBXBuildFile; fileRef = 76348C0B2116F2F30009455C /* Assets.xcassets */; };
		76348C152116F2F40009455C /* LaunchScreen.storyboard in Resources */ = {isa = PBXBuildFile; fileRef = 76348C0C2116F2F30009455C /* LaunchScreen.storyboard */; };
		76348C162116F2F40009455C /* Main.storyboard in Resources */ = {isa = PBXBuildFile; fileRef = 76348C0E2116F2F30009455C /* Main.storyboard */; };
		76348C182116F2F40009455C /* AppDelegate.swift in Sources */ = {isa = PBXBuildFile; fileRef = 76348C132116F2F40009455C /* AppDelegate.swift */; };
		76384BFB2199A5DC00C677BB /* PJHttpRequest.swift in Sources */ = {isa = PBXBuildFile; fileRef = 76384BFA2199A5DC00C677BB /* PJHttpRequest.swift */; };
		76384BFD2199A61400C677BB /* PJHttpRequestConfig.swift in Sources */ = {isa = PBXBuildFile; fileRef = 76384BFC2199A61400C677BB /* PJHttpRequestConfig.swift */; };
		76384BFF2199C0DB00C677BB /* User.swift in Sources */ = {isa = PBXBuildFile; fileRef = 76384BFE2199C0DB00C677BB /* User.swift */; };
		764882C12165C66A00F11106 /* libpj_to_do_corelib.a in Frameworks */ = {isa = PBXBuildFile; fileRef = 764882C02165C66A00F11106 /* libpj_to_do_corelib.a */; };
		764882C32165C72B00F11106 /* libsqlite3.tbd in Frameworks */ = {isa = PBXBuildFile; fileRef = 764882C22165C72B00F11106 /* libsqlite3.tbd */; };
		764882D021666A0A00F11106 /* Rust in Resources */ = {isa = PBXBuildFile; fileRef = 764882BF2165C0B300F11106 /* Rust */; };
		764883052167598000F11106 /* PJToDoCoreLibFactory.swift in Sources */ = {isa = PBXBuildFile; fileRef = 764883042167598000F11106 /* PJToDoCoreLibFactory.swift */; };
		76488307216759AE00F11106 /* PJToDoCoreLibInit.swift in Sources */ = {isa = PBXBuildFile; fileRef = 76488306216759AE00F11106 /* PJToDoCoreLibInit.swift */; };
		76488309216759CA00F11106 /* PJToDoCoreLibPAL.swift in Sources */ = {isa = PBXBuildFile; fileRef = 76488308216759CA00F11106 /* PJToDoCoreLibPAL.swift */; };
		7648830B21675A3400F11106 /* ReposController.swift in Sources */ = {isa = PBXBuildFile; fileRef = 7648830A21675A3400F11106 /* ReposController.swift */; };
		7648830D21675A4D00F11106 /* ToDoTagController.swift in Sources */ = {isa = PBXBuildFile; fileRef = 7648830C21675A4D00F11106 /* ToDoTagController.swift */; };
		7648830F21675A7600F11106 /* ToDoController.swift in Sources */ = {isa = PBXBuildFile; fileRef = 7648830E21675A7600F11106 /* ToDoController.swift */; };
		7648831121675A9000F11106 /* ToDoSearchController.swift in Sources */ = {isa = PBXBuildFile; fileRef = 7648831021675A9000F11106 /* ToDoSearchController.swift */; };
		7648831321675AAC00F11106 /* ToDoTypeController.swift in Sources */ = {isa = PBXBuildFile; fileRef = 7648831221675AAC00F11106 /* ToDoTypeController.swift */; };
		7648831521675AC500F11106 /* MineController.swift in Sources */ = {isa = PBXBuildFile; fileRef = 7648831421675AC500F11106 /* MineController.swift */; };
		7648831721675AF700F11106 /* ReposService.swift in Sources */ = {isa = PBXBuildFile; fileRef = 7648831621675AF700F11106 /* ReposService.swift */; };
		7648831921675B1100F11106 /* ToDoTagService.swift in Sources */ = {isa = PBXBuildFile; fileRef = 7648831821675B1100F11106 /* ToDoTagService.swift */; };
		7648831B21675B2300F11106 /* ToDoService.swift in Sources */ = {isa = PBXBuildFile; fileRef = 7648831A21675B2300F11106 /* ToDoService.swift */; };
		7648831D21675B3500F11106 /* ServiceService.swift in Sources */ = {isa = PBXBuildFile; fileRef = 7648831C21675B3500F11106 /* ServiceService.swift */; };
		7648831F21675B4A00F11106 /* ToDoTypeService.swift in Sources */ = {isa = PBXBuildFile; fileRef = 7648831E21675B4A00F11106 /* ToDoTypeService.swift */; };
		7648832121675B5C00F11106 /* MineService.swift in Sources */ = {isa = PBXBuildFile; fileRef = 7648832021675B5C00F11106 /* MineService.swift */; };
		764883302168B4F600F11106 /* PJToDoDBManager.swift in Sources */ = {isa = PBXBuildFile; fileRef = 7648832F2168B4F600F11106 /* PJToDoDBManager.swift */; };
		766E6E2A21930BC800BC9DFE /* PJToDoMode.swift in Sources */ = {isa = PBXBuildFile; fileRef = 766E6E2921930BC800BC9DFE /* PJToDoMode.swift */; };
		76746D98216E5F3C00BE81BC /* PJToDoCoreLibPAL_C.c in Sources */ = {isa = PBXBuildFile; fileRef = 76746D97216E5F3C00BE81BC /* PJToDoCoreLibPAL_C.c */; };
		76746D9E216E60EB00BE81BC /* PJToDoCoreLibPAL_C_Bridging_OC.m in Sources */ = {isa = PBXBuildFile; fileRef = 76746D9D216E60EB00BE81BC /* PJToDoCoreLibPAL_C_Bridging_OC.m */; };
		767B5D6A21972AF500713393 /* PJMySettings.swift in Sources */ = {isa = PBXBuildFile; fileRef = 767B5D6921972AF500713393 /* PJMySettings.swift */; };
		767B5D6E21987F9E00713393 /* ToDoModelProtocol.swift in Sources */ = {isa = PBXBuildFile; fileRef = 767B5D6D21987F9E00713393 /* ToDoModelProtocol.swift */; };
		7683463021A80700003C381B /* MineViewController.swift in Sources */ = {isa = PBXBuildFile; fileRef = 7683462F21A80700003C381B /* MineViewController.swift */; };
		7693784421B3EEF600473382 /* HomeTasksViewController.swift in Sources */ = {isa = PBXBuildFile; fileRef = 7693784321B3EEF600473382 /* HomeTasksViewController.swift */; };
		7693784721B3EF5900473382 /* TasksHeaderView.swift in Sources */ = {isa = PBXBuildFile; fileRef = 7693784621B3EF5900473382 /* TasksHeaderView.swift */; };
		769769B021B0CE9A00AB3569 /* PJTabBarViewController.swift in Sources */ = {isa = PBXBuildFile; fileRef = 769769A921B0CE9A00AB3569 /* PJTabBarViewController.swift */; };
		769769B121B0CE9A00AB3569 /* PJBaseViewController.swift in Sources */ = {isa = PBXBuildFile; fileRef = 769769AA21B0CE9A00AB3569 /* PJBaseViewController.swift */; };
		769769B221B0CE9A00AB3569 /* PJBaseErrorView.swift in Sources */ = {isa = PBXBuildFile; fileRef = 769769AC21B0CE9A00AB3569 /* PJBaseErrorView.swift */; };
		769769B321B0CE9A00AB3569 /* PJBaseTableViewCell.swift in Sources */ = {isa = PBXBuildFile; fileRef = 769769AD21B0CE9A00AB3569 /* PJBaseTableViewCell.swift */; };
		769769B421B0CE9A00AB3569 /* PJBaseEmptyView.swift in Sources */ = {isa = PBXBuildFile; fileRef = 769769AE21B0CE9A00AB3569 /* PJBaseEmptyView.swift */; };
		769769B521B0CE9A00AB3569 /* PJBaseView.swift in Sources */ = {isa = PBXBuildFile; fileRef = 769769AF21B0CE9A00AB3569 /* PJBaseView.swift */; };
		769769B721B0DD0A00AB3569 /* PJAddToDoButton.swift in Sources */ = {isa = PBXBuildFile; fileRef = 769769B621B0DD0A00AB3569 /* PJAddToDoButton.swift */; };
		769769BB21B102D300AB3569 /* PJ_ToDo.swift in Sources */ = {isa = PBXBuildFile; fileRef = 769769BA21B102D300AB3569 /* PJ_ToDo.swift */; };
		769769BD21B1044C00AB3569 /* AddToDoViewController.swift in Sources */ = {isa = PBXBuildFile; fileRef = 769769BC21B1044C00AB3569 /* AddToDoViewController.swift */; };
		76A43CBB219DB5530041B7AC /* PJKeyCenter.swift in Sources */ = {isa = PBXBuildFile; fileRef = 76A43CBA219DB5530041B7AC /* PJKeyCenter.swift */; };
		76A43CBD219DBB430041B7AC /* Authorization.swift in Sources */ = {isa = PBXBuildFile; fileRef = 76A43CBC219DBB430041B7AC /* Authorization.swift */; };
		76B5226D21809EC200D51AE8 /* PJToDoType.swift in Sources */ = {isa = PBXBuildFile; fileRef = 76B5226C21809EC200D51AE8 /* PJToDoType.swift */; };
		76BED24021B6C35100E86B59 /* PJStringExtension.swift in Sources */ = {isa = PBXBuildFile; fileRef = 76BED23F21B6C35100E86B59 /* PJStringExtension.swift */; };
		76C43DE421B8055100922FFD /* PJInputBox.swift in Sources */ = {isa = PBXBuildFile; fileRef = 76C43DE321B8055100922FFD /* PJInputBox.swift */; };
		90B883A67742CBA20B227A90 /* Pods_PJToDoUITests.framework in Frameworks */ = {isa = PBXBuildFile; fileRef = CE77F377829623B30EB82FC6 /* Pods_PJToDoUITests.framework */; };
		E66097176C9EFDCCA9E52149 /* Pods_PJToDo.framework in Frameworks */ = {isa = PBXBuildFile; fileRef = 8C3D8277E35F85C284FD0CC5 /* Pods_PJToDo.framework */; };
/* End PBXBuildFile section */

/* Begin PBXContainerItemProxy section */
		76348BEE2116F2AD0009455C /* PBXContainerItemProxy */ = {
			isa = PBXContainerItemProxy;
			containerPortal = 76348BD12116F2AC0009455C /* Project object */;
			proxyType = 1;
			remoteGlobalIDString = 76348BD82116F2AC0009455C;
			remoteInfo = PJToDo;
		};
		76348BF92116F2AE0009455C /* PBXContainerItemProxy */ = {
			isa = PBXContainerItemProxy;
			containerPortal = 76348BD12116F2AC0009455C /* Project object */;
			proxyType = 1;
			remoteGlobalIDString = 76348BD82116F2AC0009455C;
			remoteInfo = PJToDo;
		};
		764882E921666E1F00F11106 /* PBXContainerItemProxy */ = {
			isa = PBXContainerItemProxy;
			containerPortal = 76348BD12116F2AC0009455C /* Project object */;
			proxyType = 1;
			remoteGlobalIDString = 764882E521666CA400F11106;
			remoteInfo = RustCoreLib;
		};
/* End PBXContainerItemProxy section */

/* Begin PBXCopyFilesBuildPhase section */
		76D4B0D22163B18700C54A32 /* CopyFiles */ = {
			isa = PBXCopyFilesBuildPhase;
			buildActionMask = 2147483647;
			dstPath = "";
			dstSubfolderSpec = 7;
			files = (
			);
			runOnlyForDeploymentPostprocessing = 0;
		};
/* End PBXCopyFilesBuildPhase section */

/* Begin PBXFileReference section */
		0AC28ACAC2136F28EABA21C8 /* Pods-PJToDoUITests.release.xcconfig */ = {isa = PBXFileReference; includeInIndex = 1; lastKnownFileType = text.xcconfig; name = "Pods-PJToDoUITests.release.xcconfig"; path = "Pods/Target Support Files/Pods-PJToDoUITests/Pods-PJToDoUITests.release.xcconfig"; sourceTree = "<group>"; };
		2A4E8B45B569FF38E2D47836 /* Pods-PJToDoTests.release.xcconfig */ = {isa = PBXFileReference; includeInIndex = 1; lastKnownFileType = text.xcconfig; name = "Pods-PJToDoTests.release.xcconfig"; path = "Pods/Target Support Files/Pods-PJToDoTests/Pods-PJToDoTests.release.xcconfig"; sourceTree = "<group>"; };
		727187D5B8F93B220B45B8AA /* Pods-PJToDoTests.debug.xcconfig */ = {isa = PBXFileReference; includeInIndex = 1; lastKnownFileType = text.xcconfig; name = "Pods-PJToDoTests.debug.xcconfig"; path = "Pods/Target Support Files/Pods-PJToDoTests/Pods-PJToDoTests.debug.xcconfig"; sourceTree = "<group>"; };
		73FB746FC3A9EE4D2B7700C1 /* Pods-PJToDo.release.xcconfig */ = {isa = PBXFileReference; includeInIndex = 1; lastKnownFileType = text.xcconfig; name = "Pods-PJToDo.release.xcconfig"; path = "Pods/Target Support Files/Pods-PJToDo/Pods-PJToDo.release.xcconfig"; sourceTree = "<group>"; };
		7625021C2170A6D9001043AF /* PJCacheManager.swift */ = {isa = PBXFileReference; fileEncoding = 4; lastKnownFileType = sourcecode.swift; path = PJCacheManager.swift; sourceTree = "<group>"; };
		7625021F2170AA69001043AF /* PJToDoConst.swift */ = {isa = PBXFileReference; fileEncoding = 4; lastKnownFileType = sourcecode.swift; path = PJToDoConst.swift; sourceTree = "<group>"; };
		7625A99B218D36EF0014FA6E /* PJToDoTag.swift */ = {isa = PBXFileReference; lastKnownFileType = sourcecode.swift; path = PJToDoTag.swift; sourceTree = "<group>"; };
		762AD8E52164F39500D0C5C7 /* libiconv.tbd */ = {isa = PBXFileReference; lastKnownFileType = "sourcecode.text-based-dylib-definition"; name = libiconv.tbd; path = usr/lib/libiconv.tbd; sourceTree = SDKROOT; };
		762AD8E72165075D00D0C5C7 /* libstdc++.tbd */ = {isa = PBXFileReference; lastKnownFileType = "sourcecode.text-based-dylib-definition"; name = "libstdc++.tbd"; path = "usr/lib/libstdc++.tbd"; sourceTree = SDKROOT; };
		762E939121A580890002FED3 /* LoginViewController.swift */ = {isa = PBXFileReference; lastKnownFileType = sourcecode.swift; path = LoginViewController.swift; sourceTree = "<group>"; };
		762E939321A580BE0002FED3 /* PJUserInfoManager.swift */ = {isa = PBXFileReference; lastKnownFileType = sourcecode.swift; path = PJUserInfoManager.swift; sourceTree = "<group>"; };
		762E939621A58B1D0002FED3 /* PJCommonExtension.swift */ = {isa = PBXFileReference; fileEncoding = 4; lastKnownFileType = sourcecode.swift; path = PJCommonExtension.swift; sourceTree = "<group>"; };
		76348BD92116F2AC0009455C /* PJToDo.app */ = {isa = PBXFileReference; explicitFileType = wrapper.application; includeInIndex = 0; path = PJToDo.app; sourceTree = BUILT_PRODUCTS_DIR; };
		76348BE82116F2AD0009455C /* Info.plist */ = {isa = PBXFileReference; lastKnownFileType = text.plist.xml; path = Info.plist; sourceTree = "<group>"; };
		76348BED2116F2AD0009455C /* PJToDoTests.xctest */ = {isa = PBXFileReference; explicitFileType = wrapper.cfbundle; includeInIndex = 0; path = PJToDoTests.xctest; sourceTree = BUILT_PRODUCTS_DIR; };
		76348BF12116F2AD0009455C /* PJToDoTests.swift */ = {isa = PBXFileReference; lastKnownFileType = sourcecode.swift; path = PJToDoTests.swift; sourceTree = "<group>"; };
		76348BF32116F2AD0009455C /* Info.plist */ = {isa = PBXFileReference; lastKnownFileType = text.plist.xml; path = Info.plist; sourceTree = "<group>"; };
		76348BF82116F2AE0009455C /* PJToDoUITests.xctest */ = {isa = PBXFileReference; explicitFileType = wrapper.cfbundle; includeInIndex = 0; path = PJToDoUITests.xctest; sourceTree = BUILT_PRODUCTS_DIR; };
		76348BFC2116F2AE0009455C /* PJToDoUITests.swift */ = {isa = PBXFileReference; lastKnownFileType = sourcecode.swift; path = PJToDoUITests.swift; sourceTree = "<group>"; };
		76348BFE2116F2AE0009455C /* Info.plist */ = {isa = PBXFileReference; lastKnownFileType = text.plist.xml; path = Info.plist; sourceTree = "<group>"; };
		76348C0B2116F2F30009455C /* Assets.xcassets */ = {isa = PBXFileReference; lastKnownFileType = folder.assetcatalog; path = Assets.xcassets; sourceTree = "<group>"; };
		76348C0D2116F2F30009455C /* Base */ = {isa = PBXFileReference; lastKnownFileType = file.storyboard; name = Base; path = Base.lproj/LaunchScreen.storyboard; sourceTree = "<group>"; };
		76348C0F2116F2F30009455C /* Base */ = {isa = PBXFileReference; lastKnownFileType = file.storyboard; name = Base; path = Base.lproj/Main.storyboard; sourceTree = "<group>"; };
		76348C132116F2F40009455C /* AppDelegate.swift */ = {isa = PBXFileReference; fileEncoding = 4; lastKnownFileType = sourcecode.swift; path = AppDelegate.swift; sourceTree = "<group>"; };
		7636201D21645B5C0018008D /* Security.framework */ = {isa = PBXFileReference; lastKnownFileType = wrapper.framework; name = Security.framework; path = System/Library/Frameworks/Security.framework; sourceTree = SDKROOT; };
		7636201F216463C20018008D /* libresolv.tbd */ = {isa = PBXFileReference; lastKnownFileType = "sourcecode.text-based-dylib-definition"; name = libresolv.tbd; path = usr/lib/libresolv.tbd; sourceTree = SDKROOT; };
		76384BFA2199A5DC00C677BB /* PJHttpRequest.swift */ = {isa = PBXFileReference; fileEncoding = 4; lastKnownFileType = sourcecode.swift; path = PJHttpRequest.swift; sourceTree = "<group>"; };
		76384BFC2199A61400C677BB /* PJHttpRequestConfig.swift */ = {isa = PBXFileReference; lastKnownFileType = sourcecode.swift; path = PJHttpRequestConfig.swift; sourceTree = "<group>"; };
		76384BFE2199C0DB00C677BB /* User.swift */ = {isa = PBXFileReference; lastKnownFileType = sourcecode.swift; path = User.swift; sourceTree = "<group>"; };
		764882B82165BB0200F11106 /* PJToDo-Bridging-Header.h */ = {isa = PBXFileReference; lastKnownFileType = sourcecode.c.h; path = "PJToDo-Bridging-Header.h"; sourceTree = "<group>"; };
		764882BD2165BBDA00F11106 /* app_bindings.h */ = {isa = PBXFileReference; fileEncoding = 4; lastKnownFileType = sourcecode.c.h; path = app_bindings.h; sourceTree = "<group>"; };
		764882BE2165BC3D00F11106 /* struct_heads.h */ = {isa = PBXFileReference; fileEncoding = 4; lastKnownFileType = sourcecode.c.h; path = struct_heads.h; sourceTree = "<group>"; };
		764882BF2165C0B300F11106 /* Rust */ = {isa = PBXFileReference; lastKnownFileType = folder; name = Rust; path = ../Rust; sourceTree = "<group>"; };
		764882C02165C66A00F11106 /* libpj_to_do_corelib.a */ = {isa = PBXFileReference; lastKnownFileType = archive.ar; path = libpj_to_do_corelib.a; sourceTree = "<group>"; };
		764882C22165C72B00F11106 /* libsqlite3.tbd */ = {isa = PBXFileReference; lastKnownFileType = "sourcecode.text-based-dylib-definition"; name = libsqlite3.tbd; path = usr/lib/libsqlite3.tbd; sourceTree = SDKROOT; };
		764883042167598000F11106 /* PJToDoCoreLibFactory.swift */ = {isa = PBXFileReference; lastKnownFileType = sourcecode.swift; path = PJToDoCoreLibFactory.swift; sourceTree = "<group>"; };
		76488306216759AE00F11106 /* PJToDoCoreLibInit.swift */ = {isa = PBXFileReference; lastKnownFileType = sourcecode.swift; path = PJToDoCoreLibInit.swift; sourceTree = "<group>"; };
		76488308216759CA00F11106 /* PJToDoCoreLibPAL.swift */ = {isa = PBXFileReference; lastKnownFileType = sourcecode.swift; path = PJToDoCoreLibPAL.swift; sourceTree = "<group>"; };
		7648830A21675A3400F11106 /* ReposController.swift */ = {isa = PBXFileReference; lastKnownFileType = sourcecode.swift; path = ReposController.swift; sourceTree = "<group>"; };
		7648830C21675A4D00F11106 /* ToDoTagController.swift */ = {isa = PBXFileReference; lastKnownFileType = sourcecode.swift; path = ToDoTagController.swift; sourceTree = "<group>"; };
		7648830E21675A7600F11106 /* ToDoController.swift */ = {isa = PBXFileReference; lastKnownFileType = sourcecode.swift; path = ToDoController.swift; sourceTree = "<group>"; };
		7648831021675A9000F11106 /* ToDoSearchController.swift */ = {isa = PBXFileReference; lastKnownFileType = sourcecode.swift; path = ToDoSearchController.swift; sourceTree = "<group>"; };
		7648831221675AAC00F11106 /* ToDoTypeController.swift */ = {isa = PBXFileReference; lastKnownFileType = sourcecode.swift; path = ToDoTypeController.swift; sourceTree = "<group>"; };
		7648831421675AC500F11106 /* MineController.swift */ = {isa = PBXFileReference; lastKnownFileType = sourcecode.swift; path = MineController.swift; sourceTree = "<group>"; };
		7648831621675AF700F11106 /* ReposService.swift */ = {isa = PBXFileReference; lastKnownFileType = sourcecode.swift; path = ReposService.swift; sourceTree = "<group>"; };
		7648831821675B1100F11106 /* ToDoTagService.swift */ = {isa = PBXFileReference; lastKnownFileType = sourcecode.swift; path = ToDoTagService.swift; sourceTree = "<group>"; };
		7648831A21675B2300F11106 /* ToDoService.swift */ = {isa = PBXFileReference; lastKnownFileType = sourcecode.swift; path = ToDoService.swift; sourceTree = "<group>"; };
		7648831C21675B3500F11106 /* ServiceService.swift */ = {isa = PBXFileReference; lastKnownFileType = sourcecode.swift; path = ServiceService.swift; sourceTree = "<group>"; };
		7648831E21675B4A00F11106 /* ToDoTypeService.swift */ = {isa = PBXFileReference; lastKnownFileType = sourcecode.swift; path = ToDoTypeService.swift; sourceTree = "<group>"; };
		7648832021675B5C00F11106 /* MineService.swift */ = {isa = PBXFileReference; lastKnownFileType = sourcecode.swift; path = MineService.swift; sourceTree = "<group>"; };
		7648832F2168B4F600F11106 /* PJToDoDBManager.swift */ = {isa = PBXFileReference; lastKnownFileType = sourcecode.swift; path = PJToDoDBManager.swift; sourceTree = "<group>"; };
		766E6E2921930BC800BC9DFE /* PJToDoMode.swift */ = {isa = PBXFileReference; lastKnownFileType = sourcecode.swift; path = PJToDoMode.swift; sourceTree = "<group>"; };
		76746D97216E5F3C00BE81BC /* PJToDoCoreLibPAL_C.c */ = {isa = PBXFileReference; fileEncoding = 4; lastKnownFileType = sourcecode.c.c; path = PJToDoCoreLibPAL_C.c; sourceTree = "<group>"; };
		76746D9C216E60A200BE81BC /* PJToDoCoreLibPAL_C_Bridging_OC.h */ = {isa = PBXFileReference; lastKnownFileType = sourcecode.c.h; path = PJToDoCoreLibPAL_C_Bridging_OC.h; sourceTree = "<group>"; };
		76746D9D216E60EB00BE81BC /* PJToDoCoreLibPAL_C_Bridging_OC.m */ = {isa = PBXFileReference; lastKnownFileType = sourcecode.c.objc; path = PJToDoCoreLibPAL_C_Bridging_OC.m; sourceTree = "<group>"; };
		767A10D421772DC800B1A179 /* PJToDoCoreLibPAL_C.h */ = {isa = PBXFileReference; lastKnownFileType = sourcecode.c.h; path = PJToDoCoreLibPAL_C.h; sourceTree = "<group>"; };
		767A10D821772E4800B1A179 /* PJToDoCoreLibPAL_C_Bindings.h */ = {isa = PBXFileReference; lastKnownFileType = sourcecode.c.h; path = PJToDoCoreLibPAL_C_Bindings.h; sourceTree = "<group>"; };
		767B5D6921972AF500713393 /* PJMySettings.swift */ = {isa = PBXFileReference; lastKnownFileType = sourcecode.swift; path = PJMySettings.swift; sourceTree = "<group>"; };
		767B5D6D21987F9E00713393 /* ToDoModelProtocol.swift */ = {isa = PBXFileReference; lastKnownFileType = sourcecode.swift; path = ToDoModelProtocol.swift; sourceTree = "<group>"; };
		7683462F21A80700003C381B /* MineViewController.swift */ = {isa = PBXFileReference; lastKnownFileType = sourcecode.swift; path = MineViewController.swift; sourceTree = "<group>"; };
		7693784321B3EEF600473382 /* HomeTasksViewController.swift */ = {isa = PBXFileReference; fileEncoding = 4; lastKnownFileType = sourcecode.swift; path = HomeTasksViewController.swift; sourceTree = "<group>"; };
		7693784621B3EF5900473382 /* TasksHeaderView.swift */ = {isa = PBXFileReference; lastKnownFileType = sourcecode.swift; path = TasksHeaderView.swift; sourceTree = "<group>"; };
		769769A921B0CE9A00AB3569 /* PJTabBarViewController.swift */ = {isa = PBXFileReference; fileEncoding = 4; lastKnownFileType = sourcecode.swift; path = PJTabBarViewController.swift; sourceTree = "<group>"; };
		769769AA21B0CE9A00AB3569 /* PJBaseViewController.swift */ = {isa = PBXFileReference; fileEncoding = 4; lastKnownFileType = sourcecode.swift; path = PJBaseViewController.swift; sourceTree = "<group>"; };
		769769AC21B0CE9A00AB3569 /* PJBaseErrorView.swift */ = {isa = PBXFileReference; fileEncoding = 4; lastKnownFileType = sourcecode.swift; path = PJBaseErrorView.swift; sourceTree = "<group>"; };
		769769AD21B0CE9A00AB3569 /* PJBaseTableViewCell.swift */ = {isa = PBXFileReference; fileEncoding = 4; lastKnownFileType = sourcecode.swift; path = PJBaseTableViewCell.swift; sourceTree = "<group>"; };
		769769AE21B0CE9A00AB3569 /* PJBaseEmptyView.swift */ = {isa = PBXFileReference; fileEncoding = 4; lastKnownFileType = sourcecode.swift; path = PJBaseEmptyView.swift; sourceTree = "<group>"; };
		769769AF21B0CE9A00AB3569 /* PJBaseView.swift */ = {isa = PBXFileReference; fileEncoding = 4; lastKnownFileType = sourcecode.swift; path = PJBaseView.swift; sourceTree = "<group>"; };
		769769B621B0DD0A00AB3569 /* PJAddToDoButton.swift */ = {isa = PBXFileReference; lastKnownFileType = sourcecode.swift; path = PJAddToDoButton.swift; sourceTree = "<group>"; };
		769769BA21B102D300AB3569 /* PJ_ToDo.swift */ = {isa = PBXFileReference; fileEncoding = 4; lastKnownFileType = sourcecode.swift; path = PJ_ToDo.swift; sourceTree = "<group>"; };
		769769BC21B1044C00AB3569 /* AddToDoViewController.swift */ = {isa = PBXFileReference; lastKnownFileType = sourcecode.swift; path = AddToDoViewController.swift; sourceTree = "<group>"; };
		76A43CBA219DB5530041B7AC /* PJKeyCenter.swift */ = {isa = PBXFileReference; lastKnownFileType = sourcecode.swift; path = PJKeyCenter.swift; sourceTree = "<group>"; };
		76A43CBC219DBB430041B7AC /* Authorization.swift */ = {isa = PBXFileReference; lastKnownFileType = sourcecode.swift; path = Authorization.swift; sourceTree = "<group>"; };
		76B5226C21809EC200D51AE8 /* PJToDoType.swift */ = {isa = PBXFileReference; lastKnownFileType = sourcecode.swift; path = PJToDoType.swift; sourceTree = "<group>"; };
		76BED23F21B6C35100E86B59 /* PJStringExtension.swift */ = {isa = PBXFileReference; lastKnownFileType = sourcecode.swift; path = PJStringExtension.swift; sourceTree = "<group>"; };
		76C43DE321B8055100922FFD /* PJInputBox.swift */ = {isa = PBXFileReference; lastKnownFileType = sourcecode.swift; path = PJInputBox.swift; sourceTree = "<group>"; };
		7CFB5B5F9AE9D85494D81D5D /* Pods-PJToDoUITests.debug.xcconfig */ = {isa = PBXFileReference; includeInIndex = 1; lastKnownFileType = text.xcconfig; name = "Pods-PJToDoUITests.debug.xcconfig"; path = "Pods/Target Support Files/Pods-PJToDoUITests/Pods-PJToDoUITests.debug.xcconfig"; sourceTree = "<group>"; };
		8C3D8277E35F85C284FD0CC5 /* Pods_PJToDo.framework */ = {isa = PBXFileReference; explicitFileType = wrapper.framework; includeInIndex = 0; path = Pods_PJToDo.framework; sourceTree = BUILT_PRODUCTS_DIR; };
		BD3758FA50254166E4D59F88 /* Pods_PJToDoTests.framework */ = {isa = PBXFileReference; explicitFileType = wrapper.framework; includeInIndex = 0; path = Pods_PJToDoTests.framework; sourceTree = BUILT_PRODUCTS_DIR; };
		CE77F377829623B30EB82FC6 /* Pods_PJToDoUITests.framework */ = {isa = PBXFileReference; explicitFileType = wrapper.framework; includeInIndex = 0; path = Pods_PJToDoUITests.framework; sourceTree = BUILT_PRODUCTS_DIR; };
		D8C7DCA9E375B4ACEF6FE7C8 /* Pods-PJToDo.debug.xcconfig */ = {isa = PBXFileReference; includeInIndex = 1; lastKnownFileType = text.xcconfig; name = "Pods-PJToDo.debug.xcconfig"; path = "Pods/Target Support Files/Pods-PJToDo/Pods-PJToDo.debug.xcconfig"; sourceTree = "<group>"; };
/* End PBXFileReference section */

/* Begin PBXFrameworksBuildPhase section */
		76348BD62116F2AC0009455C /* Frameworks */ = {
			isa = PBXFrameworksBuildPhase;
			buildActionMask = 2147483647;
			files = (
				764882C32165C72B00F11106 /* libsqlite3.tbd in Frameworks */,
				764882C12165C66A00F11106 /* libpj_to_do_corelib.a in Frameworks */,
				E66097176C9EFDCCA9E52149 /* Pods_PJToDo.framework in Frameworks */,
			);
			runOnlyForDeploymentPostprocessing = 0;
		};
		76348BEA2116F2AD0009455C /* Frameworks */ = {
			isa = PBXFrameworksBuildPhase;
			buildActionMask = 2147483647;
			files = (
				029E7333E7B4A10195C02B02 /* Pods_PJToDoTests.framework in Frameworks */,
			);
			runOnlyForDeploymentPostprocessing = 0;
		};
		76348BF52116F2AE0009455C /* Frameworks */ = {
			isa = PBXFrameworksBuildPhase;
			buildActionMask = 2147483647;
			files = (
				90B883A67742CBA20B227A90 /* Pods_PJToDoUITests.framework in Frameworks */,
			);
			runOnlyForDeploymentPostprocessing = 0;
		};
/* End PBXFrameworksBuildPhase section */

/* Begin PBXGroup section */
		7625021A2170A6D9001043AF /* Tools */ = {
			isa = PBXGroup;
			children = (
				7625021B2170A6D9001043AF /* Cache */,
			);
			path = Tools;
			sourceTree = "<group>";
		};
		7625021B2170A6D9001043AF /* Cache */ = {
			isa = PBXGroup;
			children = (
				7625021C2170A6D9001043AF /* PJCacheManager.swift */,
			);
			path = Cache;
			sourceTree = "<group>";
		};
		7625021E2170AA69001043AF /* Consts */ = {
			isa = PBXGroup;
			children = (
				7625021F2170AA69001043AF /* PJToDoConst.swift */,
				76A43CBA219DB5530041B7AC /* PJKeyCenter.swift */,
			);
			path = Consts;
			sourceTree = "<group>";
		};
		762E939521A58B1D0002FED3 /* Extension */ = {
			isa = PBXGroup;
			children = (
				762E939621A58B1D0002FED3 /* PJCommonExtension.swift */,
				76BED23F21B6C35100E86B59 /* PJStringExtension.swift */,
			);
			path = Extension;
			sourceTree = "<group>";
		};
		76348BD02116F2AC0009455C = {
			isa = PBXGroup;
			children = (
				764882BF2165C0B300F11106 /* Rust */,
				76348BDB2116F2AC0009455C /* PJToDo */,
				76348BF02116F2AD0009455C /* PJToDoTests */,
				76348BFB2116F2AE0009455C /* PJToDoUITests */,
				76348BDA2116F2AC0009455C /* Products */,
				B8D75D4EE9038E4B3C3B95DF /* Pods */,
				D7B6BE488F9FA8DC6E6E1C35 /* Frameworks */,
			);
			sourceTree = "<group>";
		};
		76348BDA2116F2AC0009455C /* Products */ = {
			isa = PBXGroup;
			children = (
				76348BD92116F2AC0009455C /* PJToDo.app */,
				76348BED2116F2AD0009455C /* PJToDoTests.xctest */,
				76348BF82116F2AE0009455C /* PJToDoUITests.xctest */,
			);
			name = Products;
			sourceTree = "<group>";
		};
		76348BDB2116F2AC0009455C /* PJToDo */ = {
			isa = PBXGroup;
			children = (
				764882EB2167592800F11106 /* PJToDoCoreLib */,
				764882BC2165BBDA00F11106 /* RustBindings */,
				76348C112116F2F40009455C /* AppDelegate */,
				76348C102116F2F30009455C /* Class */,
				76348C0A2116F2F30009455C /* Resources */,
				76348BE82116F2AD0009455C /* Info.plist */,
				764882B82165BB0200F11106 /* PJToDo-Bridging-Header.h */,
			);
			path = PJToDo;
			sourceTree = "<group>";
		};
		76348BF02116F2AD0009455C /* PJToDoTests */ = {
			isa = PBXGroup;
			children = (
				76348BF12116F2AD0009455C /* PJToDoTests.swift */,
				76348BF32116F2AD0009455C /* Info.plist */,
			);
			path = PJToDoTests;
			sourceTree = "<group>";
		};
		76348BFB2116F2AE0009455C /* PJToDoUITests */ = {
			isa = PBXGroup;
			children = (
				76348BFC2116F2AE0009455C /* PJToDoUITests.swift */,
				76348BFE2116F2AE0009455C /* Info.plist */,
			);
			path = PJToDoUITests;
			sourceTree = "<group>";
		};
		76348C0A2116F2F30009455C /* Resources */ = {
			isa = PBXGroup;
			children = (
				76348C0B2116F2F30009455C /* Assets.xcassets */,
				76348C0C2116F2F30009455C /* LaunchScreen.storyboard */,
				76348C0E2116F2F30009455C /* Main.storyboard */,
			);
			path = Resources;
			sourceTree = "<group>";
		};
		76348C102116F2F30009455C /* Class */ = {
			isa = PBXGroup;
			children = (
				76FD55EC2187073100989102 /* Details */,
				76FD55EB2187073100989102 /* Login */,
				76FD55ED2187073100989102 /* Mine */,
				76FD55EA2187073100989102 /* Search */,
				76FD55E82187073100989102 /* ToDo */,
				76FD55E92187073100989102 /* ToDoTag */,
				76B5226B21809EA800D51AE8 /* ToDoType */,
				764883322168C27A00F11106 /* Common */,
			);
			path = Class;
			sourceTree = "<group>";
		};
		76348C112116F2F40009455C /* AppDelegate */ = {
			isa = PBXGroup;
			children = (
				76348C132116F2F40009455C /* AppDelegate.swift */,
			);
			path = AppDelegate;
			sourceTree = "<group>";
		};
		76384BF92199A5DC00C677BB /* Http */ = {
			isa = PBXGroup;
			children = (
				76384BFA2199A5DC00C677BB /* PJHttpRequest.swift */,
				76384BFC2199A61400C677BB /* PJHttpRequestConfig.swift */,
			);
			path = Http;
			sourceTree = "<group>";
		};
		764882BC2165BBDA00F11106 /* RustBindings */ = {
			isa = PBXGroup;
			children = (
				764882C02165C66A00F11106 /* libpj_to_do_corelib.a */,
				764882BE2165BC3D00F11106 /* struct_heads.h */,
				764882BD2165BBDA00F11106 /* app_bindings.h */,
			);
			path = RustBindings;
			sourceTree = SOURCE_ROOT;
		};
		764882EB2167592800F11106 /* PJToDoCoreLib */ = {
			isa = PBXGroup;
			children = (
				7648832E2168B4E200F11106 /* DB */,
				764882EC2167592800F11106 /* Init */,
				764882ED2167592800F11106 /* Controllers */,
				764882F42167592800F11106 /* PAL */,
				764882FC2167592800F11106 /* Factory */,
				764882FD2167592800F11106 /* Services */,
			);
			path = PJToDoCoreLib;
			sourceTree = "<group>";
		};
		764882EC2167592800F11106 /* Init */ = {
			isa = PBXGroup;
			children = (
				76488306216759AE00F11106 /* PJToDoCoreLibInit.swift */,
			);
			path = Init;
			sourceTree = "<group>";
		};
		764882ED2167592800F11106 /* Controllers */ = {
			isa = PBXGroup;
			children = (
				764882EE2167592800F11106 /* Repos */,
				764882EF2167592800F11106 /* ToDoTag */,
				764882F02167592800F11106 /* ToDo */,
				764882F12167592800F11106 /* Search */,
				764882F22167592800F11106 /* ToDoType */,
				764882F32167592800F11106 /* Mine */,
			);
			path = Controllers;
			sourceTree = "<group>";
		};
		764882EE2167592800F11106 /* Repos */ = {
			isa = PBXGroup;
			children = (
				7648830A21675A3400F11106 /* ReposController.swift */,
			);
			path = Repos;
			sourceTree = "<group>";
		};
		764882EF2167592800F11106 /* ToDoTag */ = {
			isa = PBXGroup;
			children = (
				7648830C21675A4D00F11106 /* ToDoTagController.swift */,
			);
			path = ToDoTag;
			sourceTree = "<group>";
		};
		764882F02167592800F11106 /* ToDo */ = {
			isa = PBXGroup;
			children = (
				7648830E21675A7600F11106 /* ToDoController.swift */,
			);
			path = ToDo;
			sourceTree = "<group>";
		};
		764882F12167592800F11106 /* Search */ = {
			isa = PBXGroup;
			children = (
				7648831021675A9000F11106 /* ToDoSearchController.swift */,
			);
			path = Search;
			sourceTree = "<group>";
		};
		764882F22167592800F11106 /* ToDoType */ = {
			isa = PBXGroup;
			children = (
				7648831221675AAC00F11106 /* ToDoTypeController.swift */,
			);
			path = ToDoType;
			sourceTree = "<group>";
		};
		764882F32167592800F11106 /* Mine */ = {
			isa = PBXGroup;
			children = (
				7648831421675AC500F11106 /* MineController.swift */,
			);
			path = Mine;
			sourceTree = "<group>";
		};
		764882F42167592800F11106 /* PAL */ = {
			isa = PBXGroup;
			children = (
				767A10D421772DC800B1A179 /* PJToDoCoreLibPAL_C.h */,
				76746D97216E5F3C00BE81BC /* PJToDoCoreLibPAL_C.c */,
				76488308216759CA00F11106 /* PJToDoCoreLibPAL.swift */,
				76746D9C216E60A200BE81BC /* PJToDoCoreLibPAL_C_Bridging_OC.h */,
				76746D9D216E60EB00BE81BC /* PJToDoCoreLibPAL_C_Bridging_OC.m */,
				767A10D821772E4800B1A179 /* PJToDoCoreLibPAL_C_Bindings.h */,
			);
			path = PAL;
			sourceTree = "<group>";
		};
		764882FC2167592800F11106 /* Factory */ = {
			isa = PBXGroup;
			children = (
				764883042167598000F11106 /* PJToDoCoreLibFactory.swift */,
			);
			path = Factory;
			sourceTree = "<group>";
		};
		764882FD2167592800F11106 /* Services */ = {
			isa = PBXGroup;
			children = (
				764882FE2167592800F11106 /* Repos */,
				764882FF2167592800F11106 /* ToDoTag */,
				764883002167592800F11106 /* ToDo */,
				764883012167592800F11106 /* Search */,
				764883022167592800F11106 /* ToDoType */,
				764883032167592800F11106 /* Mine */,
			);
			path = Services;
			sourceTree = "<group>";
		};
		764882FE2167592800F11106 /* Repos */ = {
			isa = PBXGroup;
			children = (
				7648831621675AF700F11106 /* ReposService.swift */,
			);
			path = Repos;
			sourceTree = "<group>";
		};
		764882FF2167592800F11106 /* ToDoTag */ = {
			isa = PBXGroup;
			children = (
				7648831821675B1100F11106 /* ToDoTagService.swift */,
			);
			path = ToDoTag;
			sourceTree = "<group>";
		};
		764883002167592800F11106 /* ToDo */ = {
			isa = PBXGroup;
			children = (
				7648831A21675B2300F11106 /* ToDoService.swift */,
			);
			path = ToDo;
			sourceTree = "<group>";
		};
		764883012167592800F11106 /* Search */ = {
			isa = PBXGroup;
			children = (
				7648831C21675B3500F11106 /* ServiceService.swift */,
			);
			path = Search;
			sourceTree = "<group>";
		};
		764883022167592800F11106 /* ToDoType */ = {
			isa = PBXGroup;
			children = (
				7648831E21675B4A00F11106 /* ToDoTypeService.swift */,
			);
			path = ToDoType;
			sourceTree = "<group>";
		};
		764883032167592800F11106 /* Mine */ = {
			isa = PBXGroup;
			children = (
				7648832021675B5C00F11106 /* MineService.swift */,
			);
			path = Mine;
			sourceTree = "<group>";
		};
		7648832E2168B4E200F11106 /* DB */ = {
			isa = PBXGroup;
			children = (
				7648832F2168B4F600F11106 /* PJToDoDBManager.swift */,
			);
			path = DB;
			sourceTree = "<group>";
		};
		764883322168C27A00F11106 /* Common */ = {
			isa = PBXGroup;
			children = (
				76C43DE221B8053700922FFD /* View */,
				769769A821B0CE9A00AB3569 /* BaseControllers */,
				769769AB21B0CE9A00AB3569 /* BaseViews */,
				762E939521A58B1D0002FED3 /* Extension */,
				76384BF92199A5DC00C677BB /* Http */,
				7625021E2170AA69001043AF /* Consts */,
				7625021A2170A6D9001043AF /* Tools */,
				766E6E2921930BC800BC9DFE /* PJToDoMode.swift */,
				767B5D6D21987F9E00713393 /* ToDoModelProtocol.swift */,
			);
			path = Common;
			sourceTree = "<group>";
		};
		7693784521B3EF2700473382 /* View */ = {
			isa = PBXGroup;
			children = (
				7693784621B3EF5900473382 /* TasksHeaderView.swift */,
			);
			path = View;
			sourceTree = "<group>";
		};
		769769A821B0CE9A00AB3569 /* BaseControllers */ = {
			isa = PBXGroup;
			children = (
				769769A921B0CE9A00AB3569 /* PJTabBarViewController.swift */,
				769769AA21B0CE9A00AB3569 /* PJBaseViewController.swift */,
			);
			path = BaseControllers;
			sourceTree = "<group>";
		};
		769769AB21B0CE9A00AB3569 /* BaseViews */ = {
			isa = PBXGroup;
			children = (
				769769AC21B0CE9A00AB3569 /* PJBaseErrorView.swift */,
				769769AD21B0CE9A00AB3569 /* PJBaseTableViewCell.swift */,
				769769AE21B0CE9A00AB3569 /* PJBaseEmptyView.swift */,
				769769AF21B0CE9A00AB3569 /* PJBaseView.swift */,
				769769B621B0DD0A00AB3569 /* PJAddToDoButton.swift */,
			);
			path = BaseViews;
			sourceTree = "<group>";
		};
		769769B821B102D300AB3569 /* Controller */ = {
			isa = PBXGroup;
			children = (
				7693784321B3EEF600473382 /* HomeTasksViewController.swift */,
				769769BC21B1044C00AB3569 /* AddToDoViewController.swift */,
			);
			path = Controller;
			sourceTree = "<group>";
		};
		769769B921B102D300AB3569 /* Model */ = {
			isa = PBXGroup;
			children = (
				769769BA21B102D300AB3569 /* PJ_ToDo.swift */,
			);
			path = Model;
			sourceTree = "<group>";
		};
		76B5226B21809EA800D51AE8 /* ToDoType */ = {
			isa = PBXGroup;
			children = (
				76B5226C21809EC200D51AE8 /* PJToDoType.swift */,
			);
			path = ToDoType;
			sourceTree = "<group>";
		};
		76C43DE221B8053700922FFD /* View */ = {
			isa = PBXGroup;
			children = (
				76C43DE321B8055100922FFD /* PJInputBox.swift */,
			);
			path = View;
			sourceTree = "<group>";
		};
		76FD55E82187073100989102 /* ToDo */ = {
			isa = PBXGroup;
			children = (
				7693784521B3EF2700473382 /* View */,
				769769B821B102D300AB3569 /* Controller */,
				769769B921B102D300AB3569 /* Model */,
			);
			path = ToDo;
			sourceTree = "<group>";
		};
		76FD55E92187073100989102 /* ToDoTag */ = {
			isa = PBXGroup;
			children = (
				7625A99B218D36EF0014FA6E /* PJToDoTag.swift */,
			);
			path = ToDoTag;
			sourceTree = "<group>";
		};
		76FD55EA2187073100989102 /* Search */ = {
			isa = PBXGroup;
			children = (
			);
			path = Search;
			sourceTree = "<group>";
		};
		76FD55EB2187073100989102 /* Login */ = {
			isa = PBXGroup;
			children = (
				762E939121A580890002FED3 /* LoginViewController.swift */,
			);
			path = Login;
			sourceTree = "<group>";
		};
		76FD55EC2187073100989102 /* Details */ = {
			isa = PBXGroup;
			children = (
			);
			path = Details;
			sourceTree = "<group>";
		};
		76FD55ED2187073100989102 /* Mine */ = {
			isa = PBXGroup;
			children = (
				767B5D6921972AF500713393 /* PJMySettings.swift */,
				76384BFE2199C0DB00C677BB /* User.swift */,
				76A43CBC219DBB430041B7AC /* Authorization.swift */,
				762E939321A580BE0002FED3 /* PJUserInfoManager.swift */,
				7683462F21A80700003C381B /* MineViewController.swift */,
			);
			path = Mine;
			sourceTree = "<group>";
		};
		B8D75D4EE9038E4B3C3B95DF /* Pods */ = {
			isa = PBXGroup;
			children = (
				D8C7DCA9E375B4ACEF6FE7C8 /* Pods-PJToDo.debug.xcconfig */,
				73FB746FC3A9EE4D2B7700C1 /* Pods-PJToDo.release.xcconfig */,
				727187D5B8F93B220B45B8AA /* Pods-PJToDoTests.debug.xcconfig */,
				2A4E8B45B569FF38E2D47836 /* Pods-PJToDoTests.release.xcconfig */,
				7CFB5B5F9AE9D85494D81D5D /* Pods-PJToDoUITests.debug.xcconfig */,
				0AC28ACAC2136F28EABA21C8 /* Pods-PJToDoUITests.release.xcconfig */,
			);
			name = Pods;
			sourceTree = "<group>";
		};
		D7B6BE488F9FA8DC6E6E1C35 /* Frameworks */ = {
			isa = PBXGroup;
			children = (
				764882C22165C72B00F11106 /* libsqlite3.tbd */,
				762AD8E72165075D00D0C5C7 /* libstdc++.tbd */,
				762AD8E52164F39500D0C5C7 /* libiconv.tbd */,
				7636201F216463C20018008D /* libresolv.tbd */,
				7636201D21645B5C0018008D /* Security.framework */,
				8C3D8277E35F85C284FD0CC5 /* Pods_PJToDo.framework */,
				BD3758FA50254166E4D59F88 /* Pods_PJToDoTests.framework */,
				CE77F377829623B30EB82FC6 /* Pods_PJToDoUITests.framework */,
			);
			name = Frameworks;
			sourceTree = "<group>";
		};
/* End PBXGroup section */

/* Begin PBXLegacyTarget section */
		764882E521666CA400F11106 /* RustCoreLib */ = {
			isa = PBXLegacyTarget;
			buildArgumentsString = "${SRCROOT}/RustCustomScript.sh";
			buildConfigurationList = 764882E621666CA400F11106 /* Build configuration list for PBXLegacyTarget "RustCoreLib" */;
			buildPhases = (
			);
			buildToolPath = /bin/sh;
			buildWorkingDirectory = "${SRCROOT}/";
			dependencies = (
			);
			name = RustCoreLib;
			passBuildSettingsInEnvironment = 1;
			productName = RustCoreLib;
		};
/* End PBXLegacyTarget section */

/* Begin PBXNativeTarget section */
		76348BD82116F2AC0009455C /* PJToDo */ = {
			isa = PBXNativeTarget;
			buildConfigurationList = 76348C012116F2AE0009455C /* Build configuration list for PBXNativeTarget "PJToDo" */;
			buildPhases = (
				52B3423F0E01E42B800DC47F /* [CP] Check Pods Manifest.lock */,
				76348BD52116F2AC0009455C /* Sources */,
				76348BD62116F2AC0009455C /* Frameworks */,
				76348BD72116F2AC0009455C /* Resources */,
				76D4B0D22163B18700C54A32 /* CopyFiles */,
				290F02657E8ADD3A0B9AD9C0 /* [CP] Embed Pods Frameworks */,
			);
			buildRules = (
			);
			dependencies = (
				764882EA21666E1F00F11106 /* PBXTargetDependency */,
			);
			name = PJToDo;
			productName = PJToDo;
			productReference = 76348BD92116F2AC0009455C /* PJToDo.app */;
			productType = "com.apple.product-type.application";
		};
		76348BEC2116F2AD0009455C /* PJToDoTests */ = {
			isa = PBXNativeTarget;
			buildConfigurationList = 76348C042116F2AE0009455C /* Build configuration list for PBXNativeTarget "PJToDoTests" */;
			buildPhases = (
				377D81D1D9FF2BF88D7228E3 /* [CP] Check Pods Manifest.lock */,
				76348BE92116F2AD0009455C /* Sources */,
				76348BEA2116F2AD0009455C /* Frameworks */,
				76348BEB2116F2AD0009455C /* Resources */,
			);
			buildRules = (
			);
			dependencies = (
				76348BEF2116F2AD0009455C /* PBXTargetDependency */,
			);
			name = PJToDoTests;
			productName = PJToDoTests;
			productReference = 76348BED2116F2AD0009455C /* PJToDoTests.xctest */;
			productType = "com.apple.product-type.bundle.unit-test";
		};
		76348BF72116F2AE0009455C /* PJToDoUITests */ = {
			isa = PBXNativeTarget;
			buildConfigurationList = 76348C072116F2AE0009455C /* Build configuration list for PBXNativeTarget "PJToDoUITests" */;
			buildPhases = (
				053C4D8C8C64A22AD6B79A99 /* [CP] Check Pods Manifest.lock */,
				76348BF42116F2AE0009455C /* Sources */,
				76348BF52116F2AE0009455C /* Frameworks */,
				76348BF62116F2AE0009455C /* Resources */,
			);
			buildRules = (
			);
			dependencies = (
				76348BFA2116F2AE0009455C /* PBXTargetDependency */,
			);
			name = PJToDoUITests;
			productName = PJToDoUITests;
			productReference = 76348BF82116F2AE0009455C /* PJToDoUITests.xctest */;
			productType = "com.apple.product-type.bundle.ui-testing";
		};
/* End PBXNativeTarget section */

/* Begin PBXProject section */
		76348BD12116F2AC0009455C /* Project object */ = {
			isa = PBXProject;
			attributes = {
				LastSwiftUpdateCheck = 0940;
				LastUpgradeCheck = 0940;
				ORGANIZATIONNAME = piaojin;
				TargetAttributes = {
					76348BD82116F2AC0009455C = {
						CreatedOnToolsVersion = 9.4.1;
						LastSwiftMigration = 0940;
					};
					76348BEC2116F2AD0009455C = {
						CreatedOnToolsVersion = 9.4.1;
						TestTargetID = 76348BD82116F2AC0009455C;
					};
					76348BF72116F2AE0009455C = {
						CreatedOnToolsVersion = 9.4.1;
						TestTargetID = 76348BD82116F2AC0009455C;
					};
					764882E521666CA400F11106 = {
						CreatedOnToolsVersion = 9.4.1;
					};
				};
			};
			buildConfigurationList = 76348BD42116F2AC0009455C /* Build configuration list for PBXProject "PJToDo" */;
			compatibilityVersion = "Xcode 9.3";
			developmentRegion = en;
			hasScannedForEncodings = 0;
			knownRegions = (
				en,
				Base,
			);
			mainGroup = 76348BD02116F2AC0009455C;
			productRefGroup = 76348BDA2116F2AC0009455C /* Products */;
			projectDirPath = "";
			projectRoot = "";
			targets = (
				76348BD82116F2AC0009455C /* PJToDo */,
				76348BEC2116F2AD0009455C /* PJToDoTests */,
				76348BF72116F2AE0009455C /* PJToDoUITests */,
				764882E521666CA400F11106 /* RustCoreLib */,
			);
		};
/* End PBXProject section */

/* Begin PBXResourcesBuildPhase section */
		76348BD72116F2AC0009455C /* Resources */ = {
			isa = PBXResourcesBuildPhase;
			buildActionMask = 2147483647;
			files = (
				76348C142116F2F40009455C /* Assets.xcassets in Resources */,
				76348C162116F2F40009455C /* Main.storyboard in Resources */,
				764882D021666A0A00F11106 /* Rust in Resources */,
				76348C152116F2F40009455C /* LaunchScreen.storyboard in Resources */,
			);
			runOnlyForDeploymentPostprocessing = 0;
		};
		76348BEB2116F2AD0009455C /* Resources */ = {
			isa = PBXResourcesBuildPhase;
			buildActionMask = 2147483647;
			files = (
			);
			runOnlyForDeploymentPostprocessing = 0;
		};
		76348BF62116F2AE0009455C /* Resources */ = {
			isa = PBXResourcesBuildPhase;
			buildActionMask = 2147483647;
			files = (
			);
			runOnlyForDeploymentPostprocessing = 0;
		};
/* End PBXResourcesBuildPhase section */

/* Begin PBXShellScriptBuildPhase section */
		053C4D8C8C64A22AD6B79A99 /* [CP] Check Pods Manifest.lock */ = {
			isa = PBXShellScriptBuildPhase;
			buildActionMask = 2147483647;
			files = (
			);
			inputPaths = (
				"${PODS_PODFILE_DIR_PATH}/Podfile.lock",
				"${PODS_ROOT}/Manifest.lock",
			);
			name = "[CP] Check Pods Manifest.lock";
			outputPaths = (
				"$(DERIVED_FILE_DIR)/Pods-PJToDoUITests-checkManifestLockResult.txt",
			);
			runOnlyForDeploymentPostprocessing = 0;
			shellPath = /bin/sh;
			shellScript = "diff \"${PODS_PODFILE_DIR_PATH}/Podfile.lock\" \"${PODS_ROOT}/Manifest.lock\" > /dev/null\nif [ $? != 0 ] ; then\n    # print error to STDERR\n    echo \"error: The sandbox is not in sync with the Podfile.lock. Run 'pod install' or update your CocoaPods installation.\" >&2\n    exit 1\nfi\n# This output is used by Xcode 'outputs' to avoid re-running this script phase.\necho \"SUCCESS\" > \"${SCRIPT_OUTPUT_FILE_0}\"\n";
			showEnvVarsInLog = 0;
		};
		290F02657E8ADD3A0B9AD9C0 /* [CP] Embed Pods Frameworks */ = {
			isa = PBXShellScriptBuildPhase;
			buildActionMask = 2147483647;
			files = (
			);
			inputPaths = (
				"${SRCROOT}/Pods/Target Support Files/Pods-PJToDo/Pods-PJToDo-frameworks.sh",
				"${BUILT_PRODUCTS_DIR}/CYLTabBarController/CYLTabBarController.framework",
				"${BUILT_PRODUCTS_DIR}/CocoaLumberjack/CocoaLumberjack.framework",
				"${BUILT_PRODUCTS_DIR}/ReachabilitySwift/Reachability.framework",
				"${BUILT_PRODUCTS_DIR}/SSZipArchive/SSZipArchive.framework",
				"${BUILT_PRODUCTS_DIR}/SVProgressHUD/SVProgressHUD.framework",
			);
			name = "[CP] Embed Pods Frameworks";
			outputPaths = (
				"${TARGET_BUILD_DIR}/${FRAMEWORKS_FOLDER_PATH}/CYLTabBarController.framework",
				"${TARGET_BUILD_DIR}/${FRAMEWORKS_FOLDER_PATH}/CocoaLumberjack.framework",
				"${TARGET_BUILD_DIR}/${FRAMEWORKS_FOLDER_PATH}/Reachability.framework",
				"${TARGET_BUILD_DIR}/${FRAMEWORKS_FOLDER_PATH}/SSZipArchive.framework",
				"${TARGET_BUILD_DIR}/${FRAMEWORKS_FOLDER_PATH}/SVProgressHUD.framework",
			);
			runOnlyForDeploymentPostprocessing = 0;
			shellPath = /bin/sh;
			shellScript = "\"${SRCROOT}/Pods/Target Support Files/Pods-PJToDo/Pods-PJToDo-frameworks.sh\"\n";
			showEnvVarsInLog = 0;
		};
		377D81D1D9FF2BF88D7228E3 /* [CP] Check Pods Manifest.lock */ = {
			isa = PBXShellScriptBuildPhase;
			buildActionMask = 2147483647;
			files = (
			);
			inputPaths = (
				"${PODS_PODFILE_DIR_PATH}/Podfile.lock",
				"${PODS_ROOT}/Manifest.lock",
			);
			name = "[CP] Check Pods Manifest.lock";
			outputPaths = (
				"$(DERIVED_FILE_DIR)/Pods-PJToDoTests-checkManifestLockResult.txt",
			);
			runOnlyForDeploymentPostprocessing = 0;
			shellPath = /bin/sh;
			shellScript = "diff \"${PODS_PODFILE_DIR_PATH}/Podfile.lock\" \"${PODS_ROOT}/Manifest.lock\" > /dev/null\nif [ $? != 0 ] ; then\n    # print error to STDERR\n    echo \"error: The sandbox is not in sync with the Podfile.lock. Run 'pod install' or update your CocoaPods installation.\" >&2\n    exit 1\nfi\n# This output is used by Xcode 'outputs' to avoid re-running this script phase.\necho \"SUCCESS\" > \"${SCRIPT_OUTPUT_FILE_0}\"\n";
			showEnvVarsInLog = 0;
		};
		52B3423F0E01E42B800DC47F /* [CP] Check Pods Manifest.lock */ = {
			isa = PBXShellScriptBuildPhase;
			buildActionMask = 2147483647;
			files = (
			);
			inputPaths = (
				"${PODS_PODFILE_DIR_PATH}/Podfile.lock",
				"${PODS_ROOT}/Manifest.lock",
			);
			name = "[CP] Check Pods Manifest.lock";
			outputPaths = (
				"$(DERIVED_FILE_DIR)/Pods-PJToDo-checkManifestLockResult.txt",
			);
			runOnlyForDeploymentPostprocessing = 0;
			shellPath = /bin/sh;
			shellScript = "diff \"${PODS_PODFILE_DIR_PATH}/Podfile.lock\" \"${PODS_ROOT}/Manifest.lock\" > /dev/null\nif [ $? != 0 ] ; then\n    # print error to STDERR\n    echo \"error: The sandbox is not in sync with the Podfile.lock. Run 'pod install' or update your CocoaPods installation.\" >&2\n    exit 1\nfi\n# This output is used by Xcode 'outputs' to avoid re-running this script phase.\necho \"SUCCESS\" > \"${SCRIPT_OUTPUT_FILE_0}\"\n";
			showEnvVarsInLog = 0;
		};
/* End PBXShellScriptBuildPhase section */

/* Begin PBXSourcesBuildPhase section */
		76348BD52116F2AC0009455C /* Sources */ = {
			isa = PBXSourcesBuildPhase;
			buildActionMask = 2147483647;
			files = (
				7693784721B3EF5900473382 /* TasksHeaderView.swift in Sources */,
				769769B121B0CE9A00AB3569 /* PJBaseViewController.swift in Sources */,
				76746D9E216E60EB00BE81BC /* PJToDoCoreLibPAL_C_Bridging_OC.m in Sources */,
				769769B221B0CE9A00AB3569 /* PJBaseErrorView.swift in Sources */,
				76348C182116F2F40009455C /* AppDelegate.swift in Sources */,
				7648831D21675B3500F11106 /* ServiceService.swift in Sources */,
				7693784421B3EEF600473382 /* HomeTasksViewController.swift in Sources */,
				769769B321B0CE9A00AB3569 /* PJBaseTableViewCell.swift in Sources */,
				764883302168B4F600F11106 /* PJToDoDBManager.swift in Sources */,
				76384BFF2199C0DB00C677BB /* User.swift in Sources */,
				7648830B21675A3400F11106 /* ReposController.swift in Sources */,
				7648831121675A9000F11106 /* ToDoSearchController.swift in Sources */,
				76746D98216E5F3C00BE81BC /* PJToDoCoreLibPAL_C.c in Sources */,
				7648831521675AC500F11106 /* MineController.swift in Sources */,
				76488307216759AE00F11106 /* PJToDoCoreLibInit.swift in Sources */,
				76384BFB2199A5DC00C677BB /* PJHttpRequest.swift in Sources */,
				7648832121675B5C00F11106 /* MineService.swift in Sources */,
				762E939421A580BE0002FED3 /* PJUserInfoManager.swift in Sources */,
				7648831321675AAC00F11106 /* ToDoTypeController.swift in Sources */,
				76A43CBD219DBB430041B7AC /* Authorization.swift in Sources */,
				7648831721675AF700F11106 /* ReposService.swift in Sources */,
				76A43CBB219DB5530041B7AC /* PJKeyCenter.swift in Sources */,
				76488309216759CA00F11106 /* PJToDoCoreLibPAL.swift in Sources */,
				769769BD21B1044C00AB3569 /* AddToDoViewController.swift in Sources */,
				7625021D2170A6D9001043AF /* PJCacheManager.swift in Sources */,
				769769BB21B102D300AB3569 /* PJ_ToDo.swift in Sources */,
				767B5D6A21972AF500713393 /* PJMySettings.swift in Sources */,
				769769B021B0CE9A00AB3569 /* PJTabBarViewController.swift in Sources */,
				764883052167598000F11106 /* PJToDoCoreLibFactory.swift in Sources */,
				7648830F21675A7600F11106 /* ToDoController.swift in Sources */,
				76C43DE421B8055100922FFD /* PJInputBox.swift in Sources */,
				766E6E2A21930BC800BC9DFE /* PJToDoMode.swift in Sources */,
				76384BFD2199A61400C677BB /* PJHttpRequestConfig.swift in Sources */,
				762E939721A58B1D0002FED3 /* PJCommonExtension.swift in Sources */,
				76BED24021B6C35100E86B59 /* PJStringExtension.swift in Sources */,
				762502202170AA69001043AF /* PJToDoConst.swift in Sources */,
				76B5226D21809EC200D51AE8 /* PJToDoType.swift in Sources */,
				7648831B21675B2300F11106 /* ToDoService.swift in Sources */,
				7648831921675B1100F11106 /* ToDoTagService.swift in Sources */,
				7683463021A80700003C381B /* MineViewController.swift in Sources */,
				769769B521B0CE9A00AB3569 /* PJBaseView.swift in Sources */,
				769769B721B0DD0A00AB3569 /* PJAddToDoButton.swift in Sources */,
				7648831F21675B4A00F11106 /* ToDoTypeService.swift in Sources */,
				762E939221A580890002FED3 /* LoginViewController.swift in Sources */,
				7625A99C218D36EF0014FA6E /* PJToDoTag.swift in Sources */,
				769769B421B0CE9A00AB3569 /* PJBaseEmptyView.swift in Sources */,
				767B5D6E21987F9E00713393 /* ToDoModelProtocol.swift in Sources */,
				7648830D21675A4D00F11106 /* ToDoTagController.swift in Sources */,
			);
			runOnlyForDeploymentPostprocessing = 0;
		};
		76348BE92116F2AD0009455C /* Sources */ = {
			isa = PBXSourcesBuildPhase;
			buildActionMask = 2147483647;
			files = (
				76348BF22116F2AD0009455C /* PJToDoTests.swift in Sources */,
			);
			runOnlyForDeploymentPostprocessing = 0;
		};
		76348BF42116F2AE0009455C /* Sources */ = {
			isa = PBXSourcesBuildPhase;
			buildActionMask = 2147483647;
			files = (
				76348BFD2116F2AE0009455C /* PJToDoUITests.swift in Sources */,
			);
			runOnlyForDeploymentPostprocessing = 0;
		};
/* End PBXSourcesBuildPhase section */

/* Begin PBXTargetDependency section */
		76348BEF2116F2AD0009455C /* PBXTargetDependency */ = {
			isa = PBXTargetDependency;
			target = 76348BD82116F2AC0009455C /* PJToDo */;
			targetProxy = 76348BEE2116F2AD0009455C /* PBXContainerItemProxy */;
		};
		76348BFA2116F2AE0009455C /* PBXTargetDependency */ = {
			isa = PBXTargetDependency;
			target = 76348BD82116F2AC0009455C /* PJToDo */;
			targetProxy = 76348BF92116F2AE0009455C /* PBXContainerItemProxy */;
		};
		764882EA21666E1F00F11106 /* PBXTargetDependency */ = {
			isa = PBXTargetDependency;
			target = 764882E521666CA400F11106 /* RustCoreLib */;
			targetProxy = 764882E921666E1F00F11106 /* PBXContainerItemProxy */;
		};
/* End PBXTargetDependency section */

/* Begin PBXVariantGroup section */
		76348C0C2116F2F30009455C /* LaunchScreen.storyboard */ = {
			isa = PBXVariantGroup;
			children = (
				76348C0D2116F2F30009455C /* Base */,
			);
			name = LaunchScreen.storyboard;
			sourceTree = "<group>";
		};
		76348C0E2116F2F30009455C /* Main.storyboard */ = {
			isa = PBXVariantGroup;
			children = (
				76348C0F2116F2F30009455C /* Base */,
			);
			name = Main.storyboard;
			sourceTree = "<group>";
		};
/* End PBXVariantGroup section */

/* Begin XCBuildConfiguration section */
		76348BFF2116F2AE0009455C /* Debug */ = {
			isa = XCBuildConfiguration;
			buildSettings = {
				ALWAYS_SEARCH_USER_PATHS = NO;
				CLANG_ANALYZER_NONNULL = YES;
				CLANG_ANALYZER_NUMBER_OBJECT_CONVERSION = YES_AGGRESSIVE;
				CLANG_CXX_LANGUAGE_STANDARD = "gnu++14";
				CLANG_CXX_LIBRARY = "libc++";
				CLANG_ENABLE_MODULES = YES;
				CLANG_ENABLE_OBJC_ARC = YES;
				CLANG_ENABLE_OBJC_WEAK = YES;
				CLANG_WARN_BLOCK_CAPTURE_AUTORELEASING = YES;
				CLANG_WARN_BOOL_CONVERSION = YES;
				CLANG_WARN_COMMA = YES;
				CLANG_WARN_CONSTANT_CONVERSION = YES;
				CLANG_WARN_DEPRECATED_OBJC_IMPLEMENTATIONS = YES;
				CLANG_WARN_DIRECT_OBJC_ISA_USAGE = YES_ERROR;
				CLANG_WARN_DOCUMENTATION_COMMENTS = YES;
				CLANG_WARN_EMPTY_BODY = YES;
				CLANG_WARN_ENUM_CONVERSION = YES;
				CLANG_WARN_INFINITE_RECURSION = YES;
				CLANG_WARN_INT_CONVERSION = YES;
				CLANG_WARN_NON_LITERAL_NULL_CONVERSION = YES;
				CLANG_WARN_OBJC_IMPLICIT_RETAIN_SELF = YES;
				CLANG_WARN_OBJC_LITERAL_CONVERSION = YES;
				CLANG_WARN_OBJC_ROOT_CLASS = YES_ERROR;
				CLANG_WARN_RANGE_LOOP_ANALYSIS = YES;
				CLANG_WARN_STRICT_PROTOTYPES = YES;
				CLANG_WARN_SUSPICIOUS_MOVE = YES;
				CLANG_WARN_UNGUARDED_AVAILABILITY = YES_AGGRESSIVE;
				CLANG_WARN_UNREACHABLE_CODE = YES;
				CLANG_WARN__DUPLICATE_METHOD_MATCH = YES;
				CODE_SIGN_IDENTITY = "iPhone Developer";
				COPY_PHASE_STRIP = NO;
				DEBUG_INFORMATION_FORMAT = dwarf;
				ENABLE_STRICT_OBJC_MSGSEND = YES;
				ENABLE_TESTABILITY = YES;
				GCC_C_LANGUAGE_STANDARD = gnu11;
				GCC_DYNAMIC_NO_PIC = NO;
				GCC_NO_COMMON_BLOCKS = YES;
				GCC_OPTIMIZATION_LEVEL = 0;
				GCC_PREPROCESSOR_DEFINITIONS = (
					"DEBUG=1",
					"$(inherited)",
				);
				GCC_WARN_64_TO_32_BIT_CONVERSION = YES;
				GCC_WARN_ABOUT_RETURN_TYPE = YES_ERROR;
				GCC_WARN_UNDECLARED_SELECTOR = YES;
				GCC_WARN_UNINITIALIZED_AUTOS = YES_AGGRESSIVE;
				GCC_WARN_UNUSED_FUNCTION = YES;
				GCC_WARN_UNUSED_VARIABLE = YES;
				IPHONEOS_DEPLOYMENT_TARGET = 10.0;
				MTL_ENABLE_DEBUG_INFO = YES;
				ONLY_ACTIVE_ARCH = YES;
				SDKROOT = iphoneos;
				SWIFT_ACTIVE_COMPILATION_CONDITIONS = DEBUG;
				SWIFT_OPTIMIZATION_LEVEL = "-Onone";
			};
			name = Debug;
		};
		76348C002116F2AE0009455C /* Release */ = {
			isa = XCBuildConfiguration;
			buildSettings = {
				ALWAYS_SEARCH_USER_PATHS = NO;
				CLANG_ANALYZER_NONNULL = YES;
				CLANG_ANALYZER_NUMBER_OBJECT_CONVERSION = YES_AGGRESSIVE;
				CLANG_CXX_LANGUAGE_STANDARD = "gnu++14";
				CLANG_CXX_LIBRARY = "libc++";
				CLANG_ENABLE_MODULES = YES;
				CLANG_ENABLE_OBJC_ARC = YES;
				CLANG_ENABLE_OBJC_WEAK = YES;
				CLANG_WARN_BLOCK_CAPTURE_AUTORELEASING = YES;
				CLANG_WARN_BOOL_CONVERSION = YES;
				CLANG_WARN_COMMA = YES;
				CLANG_WARN_CONSTANT_CONVERSION = YES;
				CLANG_WARN_DEPRECATED_OBJC_IMPLEMENTATIONS = YES;
				CLANG_WARN_DIRECT_OBJC_ISA_USAGE = YES_ERROR;
				CLANG_WARN_DOCUMENTATION_COMMENTS = YES;
				CLANG_WARN_EMPTY_BODY = YES;
				CLANG_WARN_ENUM_CONVERSION = YES;
				CLANG_WARN_INFINITE_RECURSION = YES;
				CLANG_WARN_INT_CONVERSION = YES;
				CLANG_WARN_NON_LITERAL_NULL_CONVERSION = YES;
				CLANG_WARN_OBJC_IMPLICIT_RETAIN_SELF = YES;
				CLANG_WARN_OBJC_LITERAL_CONVERSION = YES;
				CLANG_WARN_OBJC_ROOT_CLASS = YES_ERROR;
				CLANG_WARN_RANGE_LOOP_ANALYSIS = YES;
				CLANG_WARN_STRICT_PROTOTYPES = YES;
				CLANG_WARN_SUSPICIOUS_MOVE = YES;
				CLANG_WARN_UNGUARDED_AVAILABILITY = YES_AGGRESSIVE;
				CLANG_WARN_UNREACHABLE_CODE = YES;
				CLANG_WARN__DUPLICATE_METHOD_MATCH = YES;
				CODE_SIGN_IDENTITY = "iPhone Developer";
				COPY_PHASE_STRIP = NO;
				DEBUG_INFORMATION_FORMAT = "dwarf-with-dsym";
				ENABLE_NS_ASSERTIONS = NO;
				ENABLE_STRICT_OBJC_MSGSEND = YES;
				GCC_C_LANGUAGE_STANDARD = gnu11;
				GCC_NO_COMMON_BLOCKS = YES;
				GCC_WARN_64_TO_32_BIT_CONVERSION = YES;
				GCC_WARN_ABOUT_RETURN_TYPE = YES_ERROR;
				GCC_WARN_UNDECLARED_SELECTOR = YES;
				GCC_WARN_UNINITIALIZED_AUTOS = YES_AGGRESSIVE;
				GCC_WARN_UNUSED_FUNCTION = YES;
				GCC_WARN_UNUSED_VARIABLE = YES;
				IPHONEOS_DEPLOYMENT_TARGET = 10.0;
				MTL_ENABLE_DEBUG_INFO = NO;
				SDKROOT = iphoneos;
				SWIFT_COMPILATION_MODE = wholemodule;
				SWIFT_OPTIMIZATION_LEVEL = "-O";
				VALIDATE_PRODUCT = YES;
			};
			name = Release;
		};
		76348C022116F2AE0009455C /* Debug */ = {
			isa = XCBuildConfiguration;
			baseConfigurationReference = D8C7DCA9E375B4ACEF6FE7C8 /* Pods-PJToDo.debug.xcconfig */;
			buildSettings = {
				ASSETCATALOG_COMPILER_APPICON_NAME = AppIcon;
				CLANG_ADDRESS_SANITIZER_CONTAINER_OVERFLOW = NO;
				CLANG_CXX_LIBRARY = "libc++";
				CLANG_ENABLE_MODULES = YES;
				CODE_SIGN_STYLE = Automatic;
				ENABLE_BITCODE = YES;
				INFOPLIST_FILE = PJToDo/Info.plist;
				IPHONEOS_DEPLOYMENT_TARGET = 10.0;
				LD_RUNPATH_SEARCH_PATHS = (
					"$(inherited)",
					"@executable_path/Frameworks",
				);
				LIBRARY_SEARCH_PATHS = "$(PROJECT_DIR)/RustBindings";
				ONLY_ACTIVE_ARCH = YES;
				PRODUCT_BUNDLE_IDENTIFIER = com.piaojin.PJToDo;
				PRODUCT_NAME = "$(TARGET_NAME)";
				SWIFT_OBJC_BRIDGING_HEADER = "PJToDo/PJToDo-Bridging-Header.h";
				SWIFT_OPTIMIZATION_LEVEL = "-Onone";
				SWIFT_VERSION = 4.0;
				TARGETED_DEVICE_FAMILY = "1,2";
			};
			name = Debug;
		};
		76348C032116F2AE0009455C /* Release */ = {
			isa = XCBuildConfiguration;
			baseConfigurationReference = 73FB746FC3A9EE4D2B7700C1 /* Pods-PJToDo.release.xcconfig */;
			buildSettings = {
				ASSETCATALOG_COMPILER_APPICON_NAME = AppIcon;
				CLANG_ADDRESS_SANITIZER_CONTAINER_OVERFLOW = NO;
				CLANG_CXX_LIBRARY = "libc++";
				CLANG_ENABLE_MODULES = YES;
				CODE_SIGN_STYLE = Automatic;
				ENABLE_BITCODE = YES;
				INFOPLIST_FILE = PJToDo/Info.plist;
				IPHONEOS_DEPLOYMENT_TARGET = 10.0;
				LD_RUNPATH_SEARCH_PATHS = (
					"$(inherited)",
					"@executable_path/Frameworks",
				);
				LIBRARY_SEARCH_PATHS = "$(PROJECT_DIR)/RustBindings";
				PRODUCT_BUNDLE_IDENTIFIER = com.piaojin.PJToDo;
				PRODUCT_NAME = "$(TARGET_NAME)";
				SWIFT_OBJC_BRIDGING_HEADER = "PJToDo/PJToDo-Bridging-Header.h";
				SWIFT_VERSION = 4.0;
				TARGETED_DEVICE_FAMILY = "1,2";
			};
			name = Release;
		};
		76348C052116F2AE0009455C /* Debug */ = {
			isa = XCBuildConfiguration;
			baseConfigurationReference = 727187D5B8F93B220B45B8AA /* Pods-PJToDoTests.debug.xcconfig */;
			buildSettings = {
				ALWAYS_EMBED_SWIFT_STANDARD_LIBRARIES = YES;
				BUNDLE_LOADER = "$(TEST_HOST)";
				CODE_SIGN_STYLE = Automatic;
				INFOPLIST_FILE = PJToDoTests/Info.plist;
				LD_RUNPATH_SEARCH_PATHS = (
					"$(inherited)",
					"@executable_path/Frameworks",
					"@loader_path/Frameworks",
				);
				PRODUCT_BUNDLE_IDENTIFIER = com.piaojin.PJToDoTests;
				PRODUCT_NAME = "$(TARGET_NAME)";
				SWIFT_VERSION = 4.0;
				TARGETED_DEVICE_FAMILY = "1,2";
				TEST_HOST = "$(BUILT_PRODUCTS_DIR)/PJToDo.app/PJToDo";
			};
			name = Debug;
		};
		76348C062116F2AE0009455C /* Release */ = {
			isa = XCBuildConfiguration;
			baseConfigurationReference = 2A4E8B45B569FF38E2D47836 /* Pods-PJToDoTests.release.xcconfig */;
			buildSettings = {
				ALWAYS_EMBED_SWIFT_STANDARD_LIBRARIES = YES;
				BUNDLE_LOADER = "$(TEST_HOST)";
				CODE_SIGN_STYLE = Automatic;
				INFOPLIST_FILE = PJToDoTests/Info.plist;
				LD_RUNPATH_SEARCH_PATHS = (
					"$(inherited)",
					"@executable_path/Frameworks",
					"@loader_path/Frameworks",
				);
				PRODUCT_BUNDLE_IDENTIFIER = com.piaojin.PJToDoTests;
				PRODUCT_NAME = "$(TARGET_NAME)";
				SWIFT_VERSION = 4.0;
				TARGETED_DEVICE_FAMILY = "1,2";
				TEST_HOST = "$(BUILT_PRODUCTS_DIR)/PJToDo.app/PJToDo";
			};
			name = Release;
		};
		76348C082116F2AE0009455C /* Debug */ = {
			isa = XCBuildConfiguration;
			baseConfigurationReference = 7CFB5B5F9AE9D85494D81D5D /* Pods-PJToDoUITests.debug.xcconfig */;
			buildSettings = {
				ALWAYS_EMBED_SWIFT_STANDARD_LIBRARIES = YES;
				CODE_SIGN_STYLE = Automatic;
				INFOPLIST_FILE = PJToDoUITests/Info.plist;
				LD_RUNPATH_SEARCH_PATHS = (
					"$(inherited)",
					"@executable_path/Frameworks",
					"@loader_path/Frameworks",
				);
				PRODUCT_BUNDLE_IDENTIFIER = com.piaojin.PJToDoUITests;
				PRODUCT_NAME = "$(TARGET_NAME)";
				SWIFT_VERSION = 4.0;
				TARGETED_DEVICE_FAMILY = "1,2";
				TEST_TARGET_NAME = PJToDo;
			};
			name = Debug;
		};
		76348C092116F2AE0009455C /* Release */ = {
			isa = XCBuildConfiguration;
			baseConfigurationReference = 0AC28ACAC2136F28EABA21C8 /* Pods-PJToDoUITests.release.xcconfig */;
			buildSettings = {
				ALWAYS_EMBED_SWIFT_STANDARD_LIBRARIES = YES;
				CODE_SIGN_STYLE = Automatic;
				INFOPLIST_FILE = PJToDoUITests/Info.plist;
				LD_RUNPATH_SEARCH_PATHS = (
					"$(inherited)",
					"@executable_path/Frameworks",
					"@loader_path/Frameworks",
				);
				PRODUCT_BUNDLE_IDENTIFIER = com.piaojin.PJToDoUITests;
				PRODUCT_NAME = "$(TARGET_NAME)";
				SWIFT_VERSION = 4.0;
				TARGETED_DEVICE_FAMILY = "1,2";
				TEST_TARGET_NAME = PJToDo;
			};
			name = Release;
		};
		764882E721666CA400F11106 /* Debug */ = {
			isa = XCBuildConfiguration;
			buildSettings = {
				CODE_SIGN_STYLE = Automatic;
				DEBUGGING_SYMBOLS = YES;
				DEBUG_INFORMATION_FORMAT = dwarf;
				GCC_GENERATE_DEBUGGING_SYMBOLS = YES;
				GCC_OPTIMIZATION_LEVEL = 0;
				OTHER_CFLAGS = "";
				OTHER_LDFLAGS = "";
				PJTODO_PAL_PATH = "${SRCROOT}/PJToDo/PJToDoCoreLib/PAL/PJToDoCoreLibPAL_C.c";
				PRODUCT_NAME = "$(TARGET_NAME)";
				RUST_BUILD_BINDINGS_DIR = "${SRCROOT}/RustBindings";
				RUST_BUILD_BINDINGS_HEAD_PATH = "${SRCROOT}/RustBindings/app_bindings.h";
				RUST_LIB_DIR_NAME = pj_to_do_corelib;
				RUST_LIB_NAME = libpj_to_do_corelib.a;
				RUST_PAL_BUILD_BINDINGS_HEAD_PATH = "${SRCROOT}/PJToDo/PJToDoCoreLib/PAL/PJToDoCoreLibPAL_C_Bindings.h";
			};
			name = Debug;
		};
		764882E821666CA400F11106 /* Release */ = {
			isa = XCBuildConfiguration;
			buildSettings = {
				CODE_SIGN_STYLE = Automatic;
				DEBUG_INFORMATION_FORMAT = "dwarf-with-dsym";
				OTHER_CFLAGS = "";
				OTHER_LDFLAGS = "";
				PJTODO_PAL_PATH = "${SRCROOT}/PJToDo/PJToDoCoreLib/PAL/PJToDoCoreLibPAL_C.c";
				PRODUCT_NAME = "$(TARGET_NAME)";
				RUST_BUILD_BINDINGS_DIR = "${SRCROOT}/RustBindings";
				RUST_BUILD_BINDINGS_HEAD_PATH = "${SRCROOT}/RustBindings/app_bindings.h";
				RUST_LIB_DIR_NAME = pj_to_do_corelib;
				RUST_LIB_NAME = libpj_to_do_corelib.a;
				RUST_PAL_BUILD_BINDINGS_HEAD_PATH = "${SRCROOT}/PJToDo/PJToDoCoreLib/PAL/PJToDoCoreLibPAL_C_Bindings.h";
			};
			name = Release;
		};
/* End XCBuildConfiguration section */

/* Begin XCConfigurationList section */
		76348BD42116F2AC0009455C /* Build configuration list for PBXProject "PJToDo" */ = {
			isa = XCConfigurationList;
			buildConfigurations = (
				76348BFF2116F2AE0009455C /* Debug */,
				76348C002116F2AE0009455C /* Release */,
			);
			defaultConfigurationIsVisible = 0;
			defaultConfigurationName = Release;
		};
		76348C012116F2AE0009455C /* Build configuration list for PBXNativeTarget "PJToDo" */ = {
			isa = XCConfigurationList;
			buildConfigurations = (
				76348C022116F2AE0009455C /* Debug */,
				76348C032116F2AE0009455C /* Release */,
			);
			defaultConfigurationIsVisible = 0;
			defaultConfigurationName = Release;
		};
		76348C042116F2AE0009455C /* Build configuration list for PBXNativeTarget "PJToDoTests" */ = {
			isa = XCConfigurationList;
			buildConfigurations = (
				76348C052116F2AE0009455C /* Debug */,
				76348C062116F2AE0009455C /* Release */,
			);
			defaultConfigurationIsVisible = 0;
			defaultConfigurationName = Release;
		};
		76348C072116F2AE0009455C /* Build configuration list for PBXNativeTarget "PJToDoUITests" */ = {
			isa = XCConfigurationList;
			buildConfigurations = (
				76348C082116F2AE0009455C /* Debug */,
				76348C092116F2AE0009455C /* Release */,
			);
			defaultConfigurationIsVisible = 0;
			defaultConfigurationName = Release;
		};
		764882E621666CA400F11106 /* Build configuration list for PBXLegacyTarget "RustCoreLib" */ = {
			isa = XCConfigurationList;
			buildConfigurations = (
				764882E721666CA400F11106 /* Debug */,
				764882E821666CA400F11106 /* Release */,
			);
			defaultConfigurationIsVisible = 0;
			defaultConfigurationName = Release;
		};
/* End XCConfigurationList section */
	};
	rootObject = 76348BD12116F2AC0009455C /* Project object */;
}
