// !$*UTF8*$!
{
	archiveVersion = 1;
	classes = {
	};
	objectVersion = 50;
	objects = {

/* Begin PBXBuildFile section */
		029E7333E7B4A10195C02B02 /* Pods_PJToDoTests.framework in Frameworks */ = {isa = PBXBuildFile; fileRef = BD3758FA50254166E4D59F88 /* Pods_PJToDoTests.framework */; };
		76348BF22116F2AD0009455C /* PJToDoTests.swift in Sources */ = {isa = PBXBuildFile; fileRef = 76348BF12116F2AD0009455C /* PJToDoTests.swift */; };
		76348BFD2116F2AE0009455C /* PJToDoUITests.swift in Sources */ = {isa = PBXBuildFile; fileRef = 76348BFC2116F2AE0009455C /* PJToDoUITests.swift */; };
		76348C142116F2F40009455C /* Assets.xcassets in Resources */ = {isa = PBXBuildFile; fileRef = 76348C0B2116F2F30009455C /* Assets.xcassets */; };
		76348C152116F2F40009455C /* LaunchScreen.storyboard in Resources */ = {isa = PBXBuildFile; fileRef = 76348C0C2116F2F30009455C /* LaunchScreen.storyboard */; };
		76348C162116F2F40009455C /* Main.storyboard in Resources */ = {isa = PBXBuildFile; fileRef = 76348C0E2116F2F30009455C /* Main.storyboard */; };
		76348C182116F2F40009455C /* AppDelegate.swift in Sources */ = {isa = PBXBuildFile; fileRef = 76348C132116F2F40009455C /* AppDelegate.swift */; };
		90B883A67742CBA20B227A90 /* Pods_PJToDoUITests.framework in Frameworks */ = {isa = PBXBuildFile; fileRef = CE77F377829623B30EB82FC6 /* Pods_PJToDoUITests.framework */; };
		E66097176C9EFDCCA9E52149 /* Pods_PJToDo.framework in Frameworks */ = {isa = PBXBuildFile; fileRef = 8C3D8277E35F85C284FD0CC5 /* Pods_PJToDo.framework */; };
/* End PBXBuildFile section */

/* Begin PBXContainerItemProxy section */
		76348BEE2116F2AD0009455C /* PBXContainerItemProxy */ = {
			isa = PBXContainerItemProxy;
			containerPortal = 76348BD12116F2AC0009455C /* Project object */;
			proxyType = 1;
			remoteGlobalIDString = 76348BD82116F2AC0009455C;
			remoteInfo = PJToDo;
		};
		76348BF92116F2AE0009455C /* PBXContainerItemProxy */ = {
			isa = PBXContainerItemProxy;
			containerPortal = 76348BD12116F2AC0009455C /* Project object */;
			proxyType = 1;
			remoteGlobalIDString = 76348BD82116F2AC0009455C;
			remoteInfo = PJToDo;
		};
/* End PBXContainerItemProxy section */

/* Begin PBXCopyFilesBuildPhase section */
		76D4B0D22163B18700C54A32 /* CopyFiles */ = {
			isa = PBXCopyFilesBuildPhase;
			buildActionMask = 2147483647;
			dstPath = "";
			dstSubfolderSpec = 7;
			files = (
			);
			runOnlyForDeploymentPostprocessing = 0;
		};
/* End PBXCopyFilesBuildPhase section */

/* Begin PBXFileReference section */
		0AC28ACAC2136F28EABA21C8 /* Pods-PJToDoUITests.release.xcconfig */ = {isa = PBXFileReference; includeInIndex = 1; lastKnownFileType = text.xcconfig; name = "Pods-PJToDoUITests.release.xcconfig"; path = "Pods/Target Support Files/Pods-PJToDoUITests/Pods-PJToDoUITests.release.xcconfig"; sourceTree = "<group>"; };
		2A4E8B45B569FF38E2D47836 /* Pods-PJToDoTests.release.xcconfig */ = {isa = PBXFileReference; includeInIndex = 1; lastKnownFileType = text.xcconfig; name = "Pods-PJToDoTests.release.xcconfig"; path = "Pods/Target Support Files/Pods-PJToDoTests/Pods-PJToDoTests.release.xcconfig"; sourceTree = "<group>"; };
		727187D5B8F93B220B45B8AA /* Pods-PJToDoTests.debug.xcconfig */ = {isa = PBXFileReference; includeInIndex = 1; lastKnownFileType = text.xcconfig; name = "Pods-PJToDoTests.debug.xcconfig"; path = "Pods/Target Support Files/Pods-PJToDoTests/Pods-PJToDoTests.debug.xcconfig"; sourceTree = "<group>"; };
		73FB746FC3A9EE4D2B7700C1 /* Pods-PJToDo.release.xcconfig */ = {isa = PBXFileReference; includeInIndex = 1; lastKnownFileType = text.xcconfig; name = "Pods-PJToDo.release.xcconfig"; path = "Pods/Target Support Files/Pods-PJToDo/Pods-PJToDo.release.xcconfig"; sourceTree = "<group>"; };
		762AD8E52164F39500D0C5C7 /* libiconv.tbd */ = {isa = PBXFileReference; lastKnownFileType = "sourcecode.text-based-dylib-definition"; name = libiconv.tbd; path = usr/lib/libiconv.tbd; sourceTree = SDKROOT; };
		762AD8E72165075D00D0C5C7 /* libstdc++.tbd */ = {isa = PBXFileReference; lastKnownFileType = "sourcecode.text-based-dylib-definition"; name = "libstdc++.tbd"; path = "usr/lib/libstdc++.tbd"; sourceTree = SDKROOT; };
		76348BD92116F2AC0009455C /* PJToDo.app */ = {isa = PBXFileReference; explicitFileType = wrapper.application; includeInIndex = 0; path = PJToDo.app; sourceTree = BUILT_PRODUCTS_DIR; };
		76348BE82116F2AD0009455C /* Info.plist */ = {isa = PBXFileReference; lastKnownFileType = text.plist.xml; path = Info.plist; sourceTree = "<group>"; };
		76348BED2116F2AD0009455C /* PJToDoTests.xctest */ = {isa = PBXFileReference; explicitFileType = wrapper.cfbundle; includeInIndex = 0; path = PJToDoTests.xctest; sourceTree = BUILT_PRODUCTS_DIR; };
		76348BF12116F2AD0009455C /* PJToDoTests.swift */ = {isa = PBXFileReference; lastKnownFileType = sourcecode.swift; path = PJToDoTests.swift; sourceTree = "<group>"; };
		76348BF32116F2AD0009455C /* Info.plist */ = {isa = PBXFileReference; lastKnownFileType = text.plist.xml; path = Info.plist; sourceTree = "<group>"; };
		76348BF82116F2AE0009455C /* PJToDoUITests.xctest */ = {isa = PBXFileReference; explicitFileType = wrapper.cfbundle; includeInIndex = 0; path = PJToDoUITests.xctest; sourceTree = BUILT_PRODUCTS_DIR; };
		76348BFC2116F2AE0009455C /* PJToDoUITests.swift */ = {isa = PBXFileReference; lastKnownFileType = sourcecode.swift; path = PJToDoUITests.swift; sourceTree = "<group>"; };
		76348BFE2116F2AE0009455C /* Info.plist */ = {isa = PBXFileReference; lastKnownFileType = text.plist.xml; path = Info.plist; sourceTree = "<group>"; };
		76348C0B2116F2F30009455C /* Assets.xcassets */ = {isa = PBXFileReference; lastKnownFileType = folder.assetcatalog; path = Assets.xcassets; sourceTree = "<group>"; };
		76348C0D2116F2F30009455C /* Base */ = {isa = PBXFileReference; lastKnownFileType = file.storyboard; name = Base; path = Base.lproj/LaunchScreen.storyboard; sourceTree = "<group>"; };
		76348C0F2116F2F30009455C /* Base */ = {isa = PBXFileReference; lastKnownFileType = file.storyboard; name = Base; path = Base.lproj/Main.storyboard; sourceTree = "<group>"; };
		76348C132116F2F40009455C /* AppDelegate.swift */ = {isa = PBXFileReference; fileEncoding = 4; lastKnownFileType = sourcecode.swift; path = AppDelegate.swift; sourceTree = "<group>"; };
		7636201D21645B5C0018008D /* Security.framework */ = {isa = PBXFileReference; lastKnownFileType = wrapper.framework; name = Security.framework; path = System/Library/Frameworks/Security.framework; sourceTree = SDKROOT; };
		7636201F216463C20018008D /* libresolv.tbd */ = {isa = PBXFileReference; lastKnownFileType = "sourcecode.text-based-dylib-definition"; name = libresolv.tbd; path = usr/lib/libresolv.tbd; sourceTree = SDKROOT; };
		7CFB5B5F9AE9D85494D81D5D /* Pods-PJToDoUITests.debug.xcconfig */ = {isa = PBXFileReference; includeInIndex = 1; lastKnownFileType = text.xcconfig; name = "Pods-PJToDoUITests.debug.xcconfig"; path = "Pods/Target Support Files/Pods-PJToDoUITests/Pods-PJToDoUITests.debug.xcconfig"; sourceTree = "<group>"; };
		8C3D8277E35F85C284FD0CC5 /* Pods_PJToDo.framework */ = {isa = PBXFileReference; explicitFileType = wrapper.framework; includeInIndex = 0; path = Pods_PJToDo.framework; sourceTree = BUILT_PRODUCTS_DIR; };
		BD3758FA50254166E4D59F88 /* Pods_PJToDoTests.framework */ = {isa = PBXFileReference; explicitFileType = wrapper.framework; includeInIndex = 0; path = Pods_PJToDoTests.framework; sourceTree = BUILT_PRODUCTS_DIR; };
		CE77F377829623B30EB82FC6 /* Pods_PJToDoUITests.framework */ = {isa = PBXFileReference; explicitFileType = wrapper.framework; includeInIndex = 0; path = Pods_PJToDoUITests.framework; sourceTree = BUILT_PRODUCTS_DIR; };
		D8C7DCA9E375B4ACEF6FE7C8 /* Pods-PJToDo.debug.xcconfig */ = {isa = PBXFileReference; includeInIndex = 1; lastKnownFileType = text.xcconfig; name = "Pods-PJToDo.debug.xcconfig"; path = "Pods/Target Support Files/Pods-PJToDo/Pods-PJToDo.debug.xcconfig"; sourceTree = "<group>"; };
/* End PBXFileReference section */

/* Begin PBXFrameworksBuildPhase section */
		76348BD62116F2AC0009455C /* Frameworks */ = {
			isa = PBXFrameworksBuildPhase;
			buildActionMask = 2147483647;
			files = (
				E66097176C9EFDCCA9E52149 /* Pods_PJToDo.framework in Frameworks */,
			);
			runOnlyForDeploymentPostprocessing = 0;
		};
		76348BEA2116F2AD0009455C /* Frameworks */ = {
			isa = PBXFrameworksBuildPhase;
			buildActionMask = 2147483647;
			files = (
				029E7333E7B4A10195C02B02 /* Pods_PJToDoTests.framework in Frameworks */,
			);
			runOnlyForDeploymentPostprocessing = 0;
		};
		76348BF52116F2AE0009455C /* Frameworks */ = {
			isa = PBXFrameworksBuildPhase;
			buildActionMask = 2147483647;
			files = (
				90B883A67742CBA20B227A90 /* Pods_PJToDoUITests.framework in Frameworks */,
			);
			runOnlyForDeploymentPostprocessing = 0;
		};
/* End PBXFrameworksBuildPhase section */

/* Begin PBXGroup section */
		76348BD02116F2AC0009455C = {
			isa = PBXGroup;
			children = (
				76348BDB2116F2AC0009455C /* PJToDo */,
				76348BF02116F2AD0009455C /* PJToDoTests */,
				76348BFB2116F2AE0009455C /* PJToDoUITests */,
				76348BDA2116F2AC0009455C /* Products */,
				B8D75D4EE9038E4B3C3B95DF /* Pods */,
				D7B6BE488F9FA8DC6E6E1C35 /* Frameworks */,
			);
			sourceTree = "<group>";
		};
		76348BDA2116F2AC0009455C /* Products */ = {
			isa = PBXGroup;
			children = (
				76348BD92116F2AC0009455C /* PJToDo.app */,
				76348BED2116F2AD0009455C /* PJToDoTests.xctest */,
				76348BF82116F2AE0009455C /* PJToDoUITests.xctest */,
			);
			name = Products;
			sourceTree = "<group>";
		};
		76348BDB2116F2AC0009455C /* PJToDo */ = {
			isa = PBXGroup;
			children = (
				76348C112116F2F40009455C /* AppDelegate */,
				76348C102116F2F30009455C /* Class */,
				76348C0A2116F2F30009455C /* Resources */,
				76348BE82116F2AD0009455C /* Info.plist */,
			);
			path = PJToDo;
			sourceTree = "<group>";
		};
		76348BF02116F2AD0009455C /* PJToDoTests */ = {
			isa = PBXGroup;
			children = (
				76348BF12116F2AD0009455C /* PJToDoTests.swift */,
				76348BF32116F2AD0009455C /* Info.plist */,
			);
			path = PJToDoTests;
			sourceTree = "<group>";
		};
		76348BFB2116F2AE0009455C /* PJToDoUITests */ = {
			isa = PBXGroup;
			children = (
				76348BFC2116F2AE0009455C /* PJToDoUITests.swift */,
				76348BFE2116F2AE0009455C /* Info.plist */,
			);
			path = PJToDoUITests;
			sourceTree = "<group>";
		};
		76348C0A2116F2F30009455C /* Resources */ = {
			isa = PBXGroup;
			children = (
				76348C0B2116F2F30009455C /* Assets.xcassets */,
				76348C0C2116F2F30009455C /* LaunchScreen.storyboard */,
				76348C0E2116F2F30009455C /* Main.storyboard */,
			);
			path = Resources;
			sourceTree = "<group>";
		};
		76348C102116F2F30009455C /* Class */ = {
			isa = PBXGroup;
			children = (
			);
			path = Class;
			sourceTree = "<group>";
		};
		76348C112116F2F40009455C /* AppDelegate */ = {
			isa = PBXGroup;
			children = (
				76348C132116F2F40009455C /* AppDelegate.swift */,
			);
			path = AppDelegate;
			sourceTree = "<group>";
		};
		B8D75D4EE9038E4B3C3B95DF /* Pods */ = {
			isa = PBXGroup;
			children = (
				D8C7DCA9E375B4ACEF6FE7C8 /* Pods-PJToDo.debug.xcconfig */,
				73FB746FC3A9EE4D2B7700C1 /* Pods-PJToDo.release.xcconfig */,
				727187D5B8F93B220B45B8AA /* Pods-PJToDoTests.debug.xcconfig */,
				2A4E8B45B569FF38E2D47836 /* Pods-PJToDoTests.release.xcconfig */,
				7CFB5B5F9AE9D85494D81D5D /* Pods-PJToDoUITests.debug.xcconfig */,
				0AC28ACAC2136F28EABA21C8 /* Pods-PJToDoUITests.release.xcconfig */,
			);
			name = Pods;
			sourceTree = "<group>";
		};
		D7B6BE488F9FA8DC6E6E1C35 /* Frameworks */ = {
			isa = PBXGroup;
			children = (
				762AD8E72165075D00D0C5C7 /* libstdc++.tbd */,
				762AD8E52164F39500D0C5C7 /* libiconv.tbd */,
				7636201F216463C20018008D /* libresolv.tbd */,
				7636201D21645B5C0018008D /* Security.framework */,
				8C3D8277E35F85C284FD0CC5 /* Pods_PJToDo.framework */,
				BD3758FA50254166E4D59F88 /* Pods_PJToDoTests.framework */,
				CE77F377829623B30EB82FC6 /* Pods_PJToDoUITests.framework */,
			);
			name = Frameworks;
			sourceTree = "<group>";
		};
/* End PBXGroup section */

/* Begin PBXNativeTarget section */
		76348BD82116F2AC0009455C /* PJToDo */ = {
			isa = PBXNativeTarget;
			buildConfigurationList = 76348C012116F2AE0009455C /* Build configuration list for PBXNativeTarget "PJToDo" */;
			buildPhases = (
				52B3423F0E01E42B800DC47F /* [CP] Check Pods Manifest.lock */,
				76348BD52116F2AC0009455C /* Sources */,
				76348BD62116F2AC0009455C /* Frameworks */,
				76348BD72116F2AC0009455C /* Resources */,
				76E1020B2163408C00860A77 /* Rust Run Script */,
				76D4B0D22163B18700C54A32 /* CopyFiles */,
			);
			buildRules = (
			);
			dependencies = (
			);
			name = PJToDo;
			productName = PJToDo;
			productReference = 76348BD92116F2AC0009455C /* PJToDo.app */;
			productType = "com.apple.product-type.application";
		};
		76348BEC2116F2AD0009455C /* PJToDoTests */ = {
			isa = PBXNativeTarget;
			buildConfigurationList = 76348C042116F2AE0009455C /* Build configuration list for PBXNativeTarget "PJToDoTests" */;
			buildPhases = (
				377D81D1D9FF2BF88D7228E3 /* [CP] Check Pods Manifest.lock */,
				76348BE92116F2AD0009455C /* Sources */,
				76348BEA2116F2AD0009455C /* Frameworks */,
				76348BEB2116F2AD0009455C /* Resources */,
			);
			buildRules = (
			);
			dependencies = (
				76348BEF2116F2AD0009455C /* PBXTargetDependency */,
			);
			name = PJToDoTests;
			productName = PJToDoTests;
			productReference = 76348BED2116F2AD0009455C /* PJToDoTests.xctest */;
			productType = "com.apple.product-type.bundle.unit-test";
		};
		76348BF72116F2AE0009455C /* PJToDoUITests */ = {
			isa = PBXNativeTarget;
			buildConfigurationList = 76348C072116F2AE0009455C /* Build configuration list for PBXNativeTarget "PJToDoUITests" */;
			buildPhases = (
				053C4D8C8C64A22AD6B79A99 /* [CP] Check Pods Manifest.lock */,
				76348BF42116F2AE0009455C /* Sources */,
				76348BF52116F2AE0009455C /* Frameworks */,
				76348BF62116F2AE0009455C /* Resources */,
			);
			buildRules = (
			);
			dependencies = (
				76348BFA2116F2AE0009455C /* PBXTargetDependency */,
			);
			name = PJToDoUITests;
			productName = PJToDoUITests;
			productReference = 76348BF82116F2AE0009455C /* PJToDoUITests.xctest */;
			productType = "com.apple.product-type.bundle.ui-testing";
		};
/* End PBXNativeTarget section */

/* Begin PBXProject section */
		76348BD12116F2AC0009455C /* Project object */ = {
			isa = PBXProject;
			attributes = {
				LastSwiftUpdateCheck = 0940;
				LastUpgradeCheck = 0940;
				ORGANIZATIONNAME = piaojin;
				TargetAttributes = {
					76348BD82116F2AC0009455C = {
						CreatedOnToolsVersion = 9.4.1;
					};
					76348BEC2116F2AD0009455C = {
						CreatedOnToolsVersion = 9.4.1;
						TestTargetID = 76348BD82116F2AC0009455C;
					};
					76348BF72116F2AE0009455C = {
						CreatedOnToolsVersion = 9.4.1;
						TestTargetID = 76348BD82116F2AC0009455C;
					};
				};
			};
			buildConfigurationList = 76348BD42116F2AC0009455C /* Build configuration list for PBXProject "PJToDo" */;
			compatibilityVersion = "Xcode 9.3";
			developmentRegion = en;
			hasScannedForEncodings = 0;
			knownRegions = (
				en,
				Base,
			);
			mainGroup = 76348BD02116F2AC0009455C;
			productRefGroup = 76348BDA2116F2AC0009455C /* Products */;
			projectDirPath = "";
			projectRoot = "";
			targets = (
				76348BD82116F2AC0009455C /* PJToDo */,
				76348BEC2116F2AD0009455C /* PJToDoTests */,
				76348BF72116F2AE0009455C /* PJToDoUITests */,
			);
		};
/* End PBXProject section */

/* Begin PBXResourcesBuildPhase section */
		76348BD72116F2AC0009455C /* Resources */ = {
			isa = PBXResourcesBuildPhase;
			buildActionMask = 2147483647;
			files = (
				76348C142116F2F40009455C /* Assets.xcassets in Resources */,
				76348C162116F2F40009455C /* Main.storyboard in Resources */,
				76348C152116F2F40009455C /* LaunchScreen.storyboard in Resources */,
			);
			runOnlyForDeploymentPostprocessing = 0;
		};
		76348BEB2116F2AD0009455C /* Resources */ = {
			isa = PBXResourcesBuildPhase;
			buildActionMask = 2147483647;
			files = (
			);
			runOnlyForDeploymentPostprocessing = 0;
		};
		76348BF62116F2AE0009455C /* Resources */ = {
			isa = PBXResourcesBuildPhase;
			buildActionMask = 2147483647;
			files = (
			);
			runOnlyForDeploymentPostprocessing = 0;
		};
/* End PBXResourcesBuildPhase section */

/* Begin PBXShellScriptBuildPhase section */
		053C4D8C8C64A22AD6B79A99 /* [CP] Check Pods Manifest.lock */ = {
			isa = PBXShellScriptBuildPhase;
			buildActionMask = 2147483647;
			files = (
			);
			inputPaths = (
				"${PODS_PODFILE_DIR_PATH}/Podfile.lock",
				"${PODS_ROOT}/Manifest.lock",
			);
			name = "[CP] Check Pods Manifest.lock";
			outputPaths = (
				"$(DERIVED_FILE_DIR)/Pods-PJToDoUITests-checkManifestLockResult.txt",
			);
			runOnlyForDeploymentPostprocessing = 0;
			shellPath = /bin/sh;
			shellScript = "diff \"${PODS_PODFILE_DIR_PATH}/Podfile.lock\" \"${PODS_ROOT}/Manifest.lock\" > /dev/null\nif [ $? != 0 ] ; then\n    # print error to STDERR\n    echo \"error: The sandbox is not in sync with the Podfile.lock. Run 'pod install' or update your CocoaPods installation.\" >&2\n    exit 1\nfi\n# This output is used by Xcode 'outputs' to avoid re-running this script phase.\necho \"SUCCESS\" > \"${SCRIPT_OUTPUT_FILE_0}\"\n";
			showEnvVarsInLog = 0;
		};
		377D81D1D9FF2BF88D7228E3 /* [CP] Check Pods Manifest.lock */ = {
			isa = PBXShellScriptBuildPhase;
			buildActionMask = 2147483647;
			files = (
			);
			inputPaths = (
				"${PODS_PODFILE_DIR_PATH}/Podfile.lock",
				"${PODS_ROOT}/Manifest.lock",
			);
			name = "[CP] Check Pods Manifest.lock";
			outputPaths = (
				"$(DERIVED_FILE_DIR)/Pods-PJToDoTests-checkManifestLockResult.txt",
			);
			runOnlyForDeploymentPostprocessing = 0;
			shellPath = /bin/sh;
			shellScript = "diff \"${PODS_PODFILE_DIR_PATH}/Podfile.lock\" \"${PODS_ROOT}/Manifest.lock\" > /dev/null\nif [ $? != 0 ] ; then\n    # print error to STDERR\n    echo \"error: The sandbox is not in sync with the Podfile.lock. Run 'pod install' or update your CocoaPods installation.\" >&2\n    exit 1\nfi\n# This output is used by Xcode 'outputs' to avoid re-running this script phase.\necho \"SUCCESS\" > \"${SCRIPT_OUTPUT_FILE_0}\"\n";
			showEnvVarsInLog = 0;
		};
		52B3423F0E01E42B800DC47F /* [CP] Check Pods Manifest.lock */ = {
			isa = PBXShellScriptBuildPhase;
			buildActionMask = 2147483647;
			files = (
			);
			inputPaths = (
				"${PODS_PODFILE_DIR_PATH}/Podfile.lock",
				"${PODS_ROOT}/Manifest.lock",
			);
			name = "[CP] Check Pods Manifest.lock";
			outputPaths = (
				"$(DERIVED_FILE_DIR)/Pods-PJToDo-checkManifestLockResult.txt",
			);
			runOnlyForDeploymentPostprocessing = 0;
			shellPath = /bin/sh;
			shellScript = "diff \"${PODS_PODFILE_DIR_PATH}/Podfile.lock\" \"${PODS_ROOT}/Manifest.lock\" > /dev/null\nif [ $? != 0 ] ; then\n    # print error to STDERR\n    echo \"error: The sandbox is not in sync with the Podfile.lock. Run 'pod install' or update your CocoaPods installation.\" >&2\n    exit 1\nfi\n# This output is used by Xcode 'outputs' to avoid re-running this script phase.\necho \"SUCCESS\" > \"${SCRIPT_OUTPUT_FILE_0}\"\n";
			showEnvVarsInLog = 0;
		};
		76E1020B2163408C00860A77 /* Rust Run Script */ = {
			isa = PBXShellScriptBuildPhase;
			buildActionMask = 12;
			files = (
			);
			inputPaths = (
			);
			name = "Rust Run Script";
			outputPaths = (
			);
			runOnlyForDeploymentPostprocessing = 0;
			shellPath = /bin/sh;
			shellScript = "\"${SRCROOT}/RustBuildScript.sh\"";
		};
/* End PBXShellScriptBuildPhase section */

/* Begin PBXSourcesBuildPhase section */
		76348BD52116F2AC0009455C /* Sources */ = {
			isa = PBXSourcesBuildPhase;
			buildActionMask = 2147483647;
			files = (
				76348C182116F2F40009455C /* AppDelegate.swift in Sources */,
			);
			runOnlyForDeploymentPostprocessing = 0;
		};
		76348BE92116F2AD0009455C /* Sources */ = {
			isa = PBXSourcesBuildPhase;
			buildActionMask = 2147483647;
			files = (
				76348BF22116F2AD0009455C /* PJToDoTests.swift in Sources */,
			);
			runOnlyForDeploymentPostprocessing = 0;
		};
		76348BF42116F2AE0009455C /* Sources */ = {
			isa = PBXSourcesBuildPhase;
			buildActionMask = 2147483647;
			files = (
				76348BFD2116F2AE0009455C /* PJToDoUITests.swift in Sources */,
			);
			runOnlyForDeploymentPostprocessing = 0;
		};
/* End PBXSourcesBuildPhase section */

/* Begin PBXTargetDependency section */
		76348BEF2116F2AD0009455C /* PBXTargetDependency */ = {
			isa = PBXTargetDependency;
			target = 76348BD82116F2AC0009455C /* PJToDo */;
			targetProxy = 76348BEE2116F2AD0009455C /* PBXContainerItemProxy */;
		};
		76348BFA2116F2AE0009455C /* PBXTargetDependency */ = {
			isa = PBXTargetDependency;
			target = 76348BD82116F2AC0009455C /* PJToDo */;
			targetProxy = 76348BF92116F2AE0009455C /* PBXContainerItemProxy */;
		};
/* End PBXTargetDependency section */

/* Begin PBXVariantGroup section */
		76348C0C2116F2F30009455C /* LaunchScreen.storyboard */ = {
			isa = PBXVariantGroup;
			children = (
				76348C0D2116F2F30009455C /* Base */,
			);
			name = LaunchScreen.storyboard;
			sourceTree = "<group>";
		};
		76348C0E2116F2F30009455C /* Main.storyboard */ = {
			isa = PBXVariantGroup;
			children = (
				76348C0F2116F2F30009455C /* Base */,
			);
			name = Main.storyboard;
			sourceTree = "<group>";
		};
/* End PBXVariantGroup section */

/* Begin XCBuildConfiguration section */
		76348BFF2116F2AE0009455C /* Debug */ = {
			isa = XCBuildConfiguration;
			buildSettings = {
				ALWAYS_SEARCH_USER_PATHS = NO;
				CLANG_ANALYZER_NONNULL = YES;
				CLANG_ANALYZER_NUMBER_OBJECT_CONVERSION = YES_AGGRESSIVE;
				CLANG_CXX_LANGUAGE_STANDARD = "gnu++14";
				CLANG_CXX_LIBRARY = "libc++";
				CLANG_ENABLE_MODULES = YES;
				CLANG_ENABLE_OBJC_ARC = YES;
				CLANG_ENABLE_OBJC_WEAK = YES;
				CLANG_WARN_BLOCK_CAPTURE_AUTORELEASING = YES;
				CLANG_WARN_BOOL_CONVERSION = YES;
				CLANG_WARN_COMMA = YES;
				CLANG_WARN_CONSTANT_CONVERSION = YES;
				CLANG_WARN_DEPRECATED_OBJC_IMPLEMENTATIONS = YES;
				CLANG_WARN_DIRECT_OBJC_ISA_USAGE = YES_ERROR;
				CLANG_WARN_DOCUMENTATION_COMMENTS = YES;
				CLANG_WARN_EMPTY_BODY = YES;
				CLANG_WARN_ENUM_CONVERSION = YES;
				CLANG_WARN_INFINITE_RECURSION = YES;
				CLANG_WARN_INT_CONVERSION = YES;
				CLANG_WARN_NON_LITERAL_NULL_CONVERSION = YES;
				CLANG_WARN_OBJC_IMPLICIT_RETAIN_SELF = YES;
				CLANG_WARN_OBJC_LITERAL_CONVERSION = YES;
				CLANG_WARN_OBJC_ROOT_CLASS = YES_ERROR;
				CLANG_WARN_RANGE_LOOP_ANALYSIS = YES;
				CLANG_WARN_STRICT_PROTOTYPES = YES;
				CLANG_WARN_SUSPICIOUS_MOVE = YES;
				CLANG_WARN_UNGUARDED_AVAILABILITY = YES_AGGRESSIVE;
				CLANG_WARN_UNREACHABLE_CODE = YES;
				CLANG_WARN__DUPLICATE_METHOD_MATCH = YES;
				CODE_SIGN_IDENTITY = "iPhone Developer";
				COPY_PHASE_STRIP = NO;
				DEBUG_INFORMATION_FORMAT = dwarf;
				ENABLE_STRICT_OBJC_MSGSEND = YES;
				ENABLE_TESTABILITY = YES;
				GCC_C_LANGUAGE_STANDARD = gnu11;
				GCC_DYNAMIC_NO_PIC = NO;
				GCC_NO_COMMON_BLOCKS = YES;
				GCC_OPTIMIZATION_LEVEL = 0;
				GCC_PREPROCESSOR_DEFINITIONS = (
					"DEBUG=1",
					"$(inherited)",
				);
				GCC_WARN_64_TO_32_BIT_CONVERSION = YES;
				GCC_WARN_ABOUT_RETURN_TYPE = YES_ERROR;
				GCC_WARN_UNDECLARED_SELECTOR = YES;
				GCC_WARN_UNINITIALIZED_AUTOS = YES_AGGRESSIVE;
				GCC_WARN_UNUSED_FUNCTION = YES;
				GCC_WARN_UNUSED_VARIABLE = YES;
				IPHONEOS_DEPLOYMENT_TARGET = 10.0;
				MTL_ENABLE_DEBUG_INFO = YES;
				ONLY_ACTIVE_ARCH = YES;
				SDKROOT = iphoneos;
				SWIFT_ACTIVE_COMPILATION_CONDITIONS = DEBUG;
				SWIFT_OPTIMIZATION_LEVEL = "-Onone";
			};
			name = Debug;
		};
		76348C002116F2AE0009455C /* Release */ = {
			isa = XCBuildConfiguration;
			buildSettings = {
				ALWAYS_SEARCH_USER_PATHS = NO;
				CLANG_ANALYZER_NONNULL = YES;
				CLANG_ANALYZER_NUMBER_OBJECT_CONVERSION = YES_AGGRESSIVE;
				CLANG_CXX_LANGUAGE_STANDARD = "gnu++14";
				CLANG_CXX_LIBRARY = "libc++";
				CLANG_ENABLE_MODULES = YES;
				CLANG_ENABLE_OBJC_ARC = YES;
				CLANG_ENABLE_OBJC_WEAK = YES;
				CLANG_WARN_BLOCK_CAPTURE_AUTORELEASING = YES;
				CLANG_WARN_BOOL_CONVERSION = YES;
				CLANG_WARN_COMMA = YES;
				CLANG_WARN_CONSTANT_CONVERSION = YES;
				CLANG_WARN_DEPRECATED_OBJC_IMPLEMENTATIONS = YES;
				CLANG_WARN_DIRECT_OBJC_ISA_USAGE = YES_ERROR;
				CLANG_WARN_DOCUMENTATION_COMMENTS = YES;
				CLANG_WARN_EMPTY_BODY = YES;
				CLANG_WARN_ENUM_CONVERSION = YES;
				CLANG_WARN_INFINITE_RECURSION = YES;
				CLANG_WARN_INT_CONVERSION = YES;
				CLANG_WARN_NON_LITERAL_NULL_CONVERSION = YES;
				CLANG_WARN_OBJC_IMPLICIT_RETAIN_SELF = YES;
				CLANG_WARN_OBJC_LITERAL_CONVERSION = YES;
				CLANG_WARN_OBJC_ROOT_CLASS = YES_ERROR;
				CLANG_WARN_RANGE_LOOP_ANALYSIS = YES;
				CLANG_WARN_STRICT_PROTOTYPES = YES;
				CLANG_WARN_SUSPICIOUS_MOVE = YES;
				CLANG_WARN_UNGUARDED_AVAILABILITY = YES_AGGRESSIVE;
				CLANG_WARN_UNREACHABLE_CODE = YES;
				CLANG_WARN__DUPLICATE_METHOD_MATCH = YES;
				CODE_SIGN_IDENTITY = "iPhone Developer";
				COPY_PHASE_STRIP = NO;
				DEBUG_INFORMATION_FORMAT = "dwarf-with-dsym";
				ENABLE_NS_ASSERTIONS = NO;
				ENABLE_STRICT_OBJC_MSGSEND = YES;
				GCC_C_LANGUAGE_STANDARD = gnu11;
				GCC_NO_COMMON_BLOCKS = YES;
				GCC_WARN_64_TO_32_BIT_CONVERSION = YES;
				GCC_WARN_ABOUT_RETURN_TYPE = YES_ERROR;
				GCC_WARN_UNDECLARED_SELECTOR = YES;
				GCC_WARN_UNINITIALIZED_AUTOS = YES_AGGRESSIVE;
				GCC_WARN_UNUSED_FUNCTION = YES;
				GCC_WARN_UNUSED_VARIABLE = YES;
				IPHONEOS_DEPLOYMENT_TARGET = 10.0;
				MTL_ENABLE_DEBUG_INFO = NO;
				SDKROOT = iphoneos;
				SWIFT_COMPILATION_MODE = wholemodule;
				SWIFT_OPTIMIZATION_LEVEL = "-O";
				VALIDATE_PRODUCT = YES;
			};
			name = Release;
		};
		76348C022116F2AE0009455C /* Debug */ = {
			isa = XCBuildConfiguration;
			baseConfigurationReference = D8C7DCA9E375B4ACEF6FE7C8 /* Pods-PJToDo.debug.xcconfig */;
			buildSettings = {
				ASSETCATALOG_COMPILER_APPICON_NAME = AppIcon;
				CLANG_ADDRESS_SANITIZER_CONTAINER_OVERFLOW = NO;
				CLANG_CXX_LIBRARY = "libc++";
				CODE_SIGN_STYLE = Automatic;
				ENABLE_BITCODE = YES;
				INFOPLIST_FILE = PJToDo/Info.plist;
				IPHONEOS_DEPLOYMENT_TARGET = 10.0;
				LD_RUNPATH_SEARCH_PATHS = (
					"$(inherited)",
					"@executable_path/Frameworks",
				);
				ONLY_ACTIVE_ARCH = YES;
				PRODUCT_BUNDLE_IDENTIFIER = com.piaojin.PJToDo;
				PRODUCT_NAME = "$(TARGET_NAME)";
				RUST_BUILD_BINDINGS_DIR = "${SRCROOT}/Bindings";
				RUST_BUILD_BINDINGS_HEAD_PATH = "${SRCROOT}/Bindings/app_bindings.h";
				RUST_LIB_DIR_NAME = pj_to_do_corelib;
				SWIFT_VERSION = 4.0;
				TARGETED_DEVICE_FAMILY = "1,2";
			};
			name = Debug;
		};
		76348C032116F2AE0009455C /* Release */ = {
			isa = XCBuildConfiguration;
			baseConfigurationReference = 73FB746FC3A9EE4D2B7700C1 /* Pods-PJToDo.release.xcconfig */;
			buildSettings = {
				ASSETCATALOG_COMPILER_APPICON_NAME = AppIcon;
				CLANG_ADDRESS_SANITIZER_CONTAINER_OVERFLOW = NO;
				CLANG_CXX_LIBRARY = "libc++";
				CODE_SIGN_STYLE = Automatic;
				ENABLE_BITCODE = YES;
				INFOPLIST_FILE = PJToDo/Info.plist;
				IPHONEOS_DEPLOYMENT_TARGET = 10.0;
				LD_RUNPATH_SEARCH_PATHS = (
					"$(inherited)",
					"@executable_path/Frameworks",
				);
				PRODUCT_BUNDLE_IDENTIFIER = com.piaojin.PJToDo;
				PRODUCT_NAME = "$(TARGET_NAME)";
				RUST_BUILD_BINDINGS_DIR = "${SRCROOT}/Bindings";
				RUST_BUILD_BINDINGS_HEAD_PATH = "${SRCROOT}/Bindings/app_bindings.h";
				RUST_LIB_DIR_NAME = pj_to_do_corelib;
				SWIFT_VERSION = 4.0;
				TARGETED_DEVICE_FAMILY = "1,2";
			};
			name = Release;
		};
		76348C052116F2AE0009455C /* Debug */ = {
			isa = XCBuildConfiguration;
			baseConfigurationReference = 727187D5B8F93B220B45B8AA /* Pods-PJToDoTests.debug.xcconfig */;
			buildSettings = {
				ALWAYS_EMBED_SWIFT_STANDARD_LIBRARIES = YES;
				BUNDLE_LOADER = "$(TEST_HOST)";
				CODE_SIGN_STYLE = Automatic;
				INFOPLIST_FILE = PJToDoTests/Info.plist;
				LD_RUNPATH_SEARCH_PATHS = (
					"$(inherited)",
					"@executable_path/Frameworks",
					"@loader_path/Frameworks",
				);
				PRODUCT_BUNDLE_IDENTIFIER = com.piaojin.PJToDoTests;
				PRODUCT_NAME = "$(TARGET_NAME)";
				SWIFT_VERSION = 4.0;
				TARGETED_DEVICE_FAMILY = "1,2";
				TEST_HOST = "$(BUILT_PRODUCTS_DIR)/PJToDo.app/PJToDo";
			};
			name = Debug;
		};
		76348C062116F2AE0009455C /* Release */ = {
			isa = XCBuildConfiguration;
			baseConfigurationReference = 2A4E8B45B569FF38E2D47836 /* Pods-PJToDoTests.release.xcconfig */;
			buildSettings = {
				ALWAYS_EMBED_SWIFT_STANDARD_LIBRARIES = YES;
				BUNDLE_LOADER = "$(TEST_HOST)";
				CODE_SIGN_STYLE = Automatic;
				INFOPLIST_FILE = PJToDoTests/Info.plist;
				LD_RUNPATH_SEARCH_PATHS = (
					"$(inherited)",
					"@executable_path/Frameworks",
					"@loader_path/Frameworks",
				);
				PRODUCT_BUNDLE_IDENTIFIER = com.piaojin.PJToDoTests;
				PRODUCT_NAME = "$(TARGET_NAME)";
				SWIFT_VERSION = 4.0;
				TARGETED_DEVICE_FAMILY = "1,2";
				TEST_HOST = "$(BUILT_PRODUCTS_DIR)/PJToDo.app/PJToDo";
			};
			name = Release;
		};
		76348C082116F2AE0009455C /* Debug */ = {
			isa = XCBuildConfiguration;
			baseConfigurationReference = 7CFB5B5F9AE9D85494D81D5D /* Pods-PJToDoUITests.debug.xcconfig */;
			buildSettings = {
				ALWAYS_EMBED_SWIFT_STANDARD_LIBRARIES = YES;
				CODE_SIGN_STYLE = Automatic;
				INFOPLIST_FILE = PJToDoUITests/Info.plist;
				LD_RUNPATH_SEARCH_PATHS = (
					"$(inherited)",
					"@executable_path/Frameworks",
					"@loader_path/Frameworks",
				);
				PRODUCT_BUNDLE_IDENTIFIER = com.piaojin.PJToDoUITests;
				PRODUCT_NAME = "$(TARGET_NAME)";
				SWIFT_VERSION = 4.0;
				TARGETED_DEVICE_FAMILY = "1,2";
				TEST_TARGET_NAME = PJToDo;
			};
			name = Debug;
		};
		76348C092116F2AE0009455C /* Release */ = {
			isa = XCBuildConfiguration;
			baseConfigurationReference = 0AC28ACAC2136F28EABA21C8 /* Pods-PJToDoUITests.release.xcconfig */;
			buildSettings = {
				ALWAYS_EMBED_SWIFT_STANDARD_LIBRARIES = YES;
				CODE_SIGN_STYLE = Automatic;
				INFOPLIST_FILE = PJToDoUITests/Info.plist;
				LD_RUNPATH_SEARCH_PATHS = (
					"$(inherited)",
					"@executable_path/Frameworks",
					"@loader_path/Frameworks",
				);
				PRODUCT_BUNDLE_IDENTIFIER = com.piaojin.PJToDoUITests;
				PRODUCT_NAME = "$(TARGET_NAME)";
				SWIFT_VERSION = 4.0;
				TARGETED_DEVICE_FAMILY = "1,2";
				TEST_TARGET_NAME = PJToDo;
			};
			name = Release;
		};
/* End XCBuildConfiguration section */

/* Begin XCConfigurationList section */
		76348BD42116F2AC0009455C /* Build configuration list for PBXProject "PJToDo" */ = {
			isa = XCConfigurationList;
			buildConfigurations = (
				76348BFF2116F2AE0009455C /* Debug */,
				76348C002116F2AE0009455C /* Release */,
			);
			defaultConfigurationIsVisible = 0;
			defaultConfigurationName = Release;
		};
		76348C012116F2AE0009455C /* Build configuration list for PBXNativeTarget "PJToDo" */ = {
			isa = XCConfigurationList;
			buildConfigurations = (
				76348C022116F2AE0009455C /* Debug */,
				76348C032116F2AE0009455C /* Release */,
			);
			defaultConfigurationIsVisible = 0;
			defaultConfigurationName = Release;
		};
		76348C042116F2AE0009455C /* Build configuration list for PBXNativeTarget "PJToDoTests" */ = {
			isa = XCConfigurationList;
			buildConfigurations = (
				76348C052116F2AE0009455C /* Debug */,
				76348C062116F2AE0009455C /* Release */,
			);
			defaultConfigurationIsVisible = 0;
			defaultConfigurationName = Release;
		};
		76348C072116F2AE0009455C /* Build configuration list for PBXNativeTarget "PJToDoUITests" */ = {
			isa = XCConfigurationList;
			buildConfigurations = (
				76348C082116F2AE0009455C /* Debug */,
				76348C092116F2AE0009455C /* Release */,
			);
			defaultConfigurationIsVisible = 0;
			defaultConfigurationName = Release;
		};
/* End XCConfigurationList section */
	};
	rootObject = 76348BD12116F2AC0009455C /* Project object */;
}
